
Microsoft Visual Studio Solution File, Format Version 12.00
# Visual Studio Version 17
VisualStudioVersion = 17.11.35327.3
MinimumVisualStudioVersion = 10.0.40219.1
Project("{8BC9CEB8-8B4A-11D0-8D11-00A0C91BC942}") = "Exercise01", "Exercise01\Exercise01.vcxproj", "{BAC031F3-CAE0-4CA0-B7BB-7E61D169DA0E}"
EndProject
Project("{8BC9CEB8-8B4A-11D0-8D11-00A0C91BC942}") = "Exercise02", "Exercise02\Exercise02.vcxproj", "{AF80D5C6-A62A-4A38-83EB-B8B5974F6A57}"
EndProject
Project("{8BC9CEB8-8B4A-11D0-8D11-00A0C91BC942}") = "Exercise03", "Exercise03\Exercise03.vcxproj", "{F3E8DE7F-7306-429A-B963-29E418A56E79}"
EndProject
Project("{8BC9CEB8-8B4A-11D0-8D11-00A0C91BC942}") = "Exercise04", "Exercise04\Exercise04.vcxproj", "{ECD24A73-18FF-435D-A532-4A147B850695}"
EndProject
Project("{8BC9CEB8-8B4A-11D0-8D11-00A0C91BC942}") = "Exercise05", "Exercise05\Exercise05.vcxproj", "{8C52A427-2297-45CD-89DA-9D470A3F4B76}"
EndProject
Project("{8BC9CEB8-8B4A-11D0-8D11-00A0C91BC942}") = "Exercise06", "Exercise06\Exercise06.vcxproj", "{2A537866-352A-4E55-B44C-C1197C5013CF}"
EndProject
Project("{8BC9CEB8-8B4A-11D0-8D11-00A0C91BC942}") = "Exercise07", "Exercise07\Exercise07.vcxproj", "{8C745967-8E93-4093-8982-CC313D885059}"
EndProject
Project("{8BC9CEB8-8B4A-11D0-8D11-00A0C91BC942}") = "Exercise08", "Exercise08\Exercise08.vcxproj", "{AF33AC79-0DFE-4DB3-A8A0-F29ED4648F4E}"
EndProject
Project("{8BC9CEB8-8B4A-11D0-8D11-00A0C91BC942}") = "Exercise09", "Exercise09\Exercise09.vcxproj", "{CA1E2F44-AE03-4A95-8E33-66E2F1C3D49B}"
EndProject
Project("{8BC9CEB8-8B4A-11D0-8D11-00A0C91BC942}") = "Exercise10", "Exercise10\Exercise10.vcxproj", "{0E0AB58E-6FE7-474C-B56B-97E9D19BEC1B}"
EndProject
Project("{8BC9CEB8-8B4A-11D0-8D11-00A0C91BC942}") = "Exercise11", "Exercise11\Exercise11.vcxproj", "{E94D7D66-964D-45DA-8CA1-985E277091A1}"
EndProject
Project("{8BC9CEB8-8B4A-11D0-8D11-00A0C91BC942}") = "Exercise12", "Exercise12\Exercise12.vcxproj", "{03BF4C6A-573B-4668-AEF8-DE4F5B696072}"
EndProject
Project("{8BC9CEB8-8B4A-11D0-8D11-00A0C91BC942}") = "Exercise13", "Exercise13\Exercise13.vcxproj", "{C18917DB-A055-4929-B2ED-E74C4FA072A3}"
EndProject
Project("{8BC9CEB8-8B4A-11D0-8D11-00A0C91BC942}") = "Exercise14", "Exercise14\Exercise14.vcxproj", "{AB24EAE0-FD1F-40B0-AB26-9947C4FBD744}"
EndProject
Project("{8BC9CEB8-8B4A-11D0-8D11-00A0C91BC942}") = "Exercise15", "Exercise15\Exercise15.vcxproj", "{314BACB2-CCD6-41D1-9AEA-F3229093EA3D}"
EndProject
Project("{8BC9CEB8-8B4A-11D0-8D11-00A0C91BC942}") = "Exercise16", "Exercise16\Exercise16.vcxproj", "{72236E7D-87B8-4B54-AB5E-F40E9B355531}"
EndProject
Project("{8BC9CEB8-8B4A-11D0-8D11-00A0C91BC942}") = "Exercise17", "Exercise17\Exercise17.vcxproj", "{474D7941-B84C-49CC-9440-040E90FED28E}"
EndProject
Project("{8BC9CEB8-8B4A-11D0-8D11-00A0C91BC942}") = "Exercise18", "Exercise18\Exercise18.vcxproj", "{EB5A80F1-BFE8-4C51-A348-2501B8FB6F3A}"
EndProject
Project("{8BC9CEB8-8B4A-11D0-8D11-00A0C91BC942}") = "Exercise19", "Exercise19\Exercise19.vcxproj", "{525B2E2D-F2EF-4B74-B2BA-2681DB3B15BF}"
EndProject
Project("{8BC9CEB8-8B4A-11D0-8D11-00A0C91BC942}") = "Exercise20", "Exercise20\Exercise20.vcxproj", "{5FAB3DE9-D3B3-415A-A897-6002F812CA38}"
EndProject
Project("{8BC9CEB8-8B4A-11D0-8D11-00A0C91BC942}") = "Exercise21", "Exercise21\Exercise21.vcxproj", "{81B8E962-76C5-44B3-BB44-FDE0168B60F7}"
EndProject
Project("{8BC9CEB8-8B4A-11D0-8D11-00A0C91BC942}") = "Exercise22", "Exercise22\Exercise22.vcxproj", "{39A5AD3D-251D-41C8-831E-CC5C211D1E1A}"
EndProject
Global
	GlobalSection(SolutionConfigurationPlatforms) = preSolution
		Debug|x64 = Debug|x64
		Debug|x86 = Debug|x86
		Release|x64 = Release|x64
		Release|x86 = Release|x86
	EndGlobalSection
	GlobalSection(ProjectConfigurationPlatforms) = postSolution
		{BAC031F3-CAE0-4CA0-B7BB-7E61D169DA0E}.Debug|x64.ActiveCfg = Debug|x64
		{BAC031F3-CAE0-4CA0-B7BB-7E61D169DA0E}.Debug|x64.Build.0 = Debug|x64
		{BAC031F3-CAE0-4CA0-B7BB-7E61D169DA0E}.Debug|x86.ActiveCfg = Debug|Win32
		{BAC031F3-CAE0-4CA0-B7BB-7E61D169DA0E}.Debug|x86.Build.0 = Debug|Win32
		{BAC031F3-CAE0-4CA0-B7BB-7E61D169DA0E}.Release|x64.ActiveCfg = Release|x64
		{BAC031F3-CAE0-4CA0-B7BB-7E61D169DA0E}.Release|x64.Build.0 = Release|x64
		{BAC031F3-CAE0-4CA0-B7BB-7E61D169DA0E}.Release|x86.ActiveCfg = Release|Win32
		{BAC031F3-CAE0-4CA0-B7BB-7E61D169DA0E}.Release|x86.Build.0 = Release|Win32
		{AF80D5C6-A62A-4A38-83EB-B8B5974F6A57}.Debug|x64.ActiveCfg = Debug|x64
		{AF80D5C6-A62A-4A38-83EB-B8B5974F6A57}.Debug|x64.Build.0 = Debug|x64
		{AF80D5C6-A62A-4A38-83EB-B8B5974F6A57}.Debug|x86.ActiveCfg = Debug|Win32
		{AF80D5C6-A62A-4A38-83EB-B8B5974F6A57}.Debug|x86.Build.0 = Debug|Win32
		{AF80D5C6-A62A-4A38-83EB-B8B5974F6A57}.Release|x64.ActiveCfg = Release|x64
		{AF80D5C6-A62A-4A38-83EB-B8B5974F6A57}.Release|x64.Build.0 = Release|x64
		{AF80D5C6-A62A-4A38-83EB-B8B5974F6A57}.Release|x86.ActiveCfg = Release|Win32
		{AF80D5C6-A62A-4A38-83EB-B8B5974F6A57}.Release|x86.Build.0 = Release|Win32
		{F3E8DE7F-7306-429A-B963-29E418A56E79}.Debug|x64.ActiveCfg = Debug|x64
		{F3E8DE7F-7306-429A-B963-29E418A56E79}.Debug|x64.Build.0 = Debug|x64
		{F3E8DE7F-7306-429A-B963-29E418A56E79}.Debug|x86.ActiveCfg = Debug|Win32
		{F3E8DE7F-7306-429A-B963-29E418A56E79}.Debug|x86.Build.0 = Debug|Win32
		{F3E8DE7F-7306-429A-B963-29E418A56E79}.Release|x64.ActiveCfg = Release|x64
		{F3E8DE7F-7306-429A-B963-29E418A56E79}.Release|x64.Build.0 = Release|x64
		{F3E8DE7F-7306-429A-B963-29E418A56E79}.Release|x86.ActiveCfg = Release|Win32
		{F3E8DE7F-7306-429A-B963-29E418A56E79}.Release|x86.Build.0 = Release|Win32
		{ECD24A73-18FF-435D-A532-4A147B850695}.Debug|x64.ActiveCfg = Debug|x64
		{ECD24A73-18FF-435D-A532-4A147B850695}.Debug|x64.Build.0 = Debug|x64
		{ECD24A73-18FF-435D-A532-4A147B850695}.Debug|x86.ActiveCfg = Debug|Win32
		{ECD24A73-18FF-435D-A532-4A147B850695}.Debug|x86.Build.0 = Debug|Win32
		{ECD24A73-18FF-435D-A532-4A147B850695}.Release|x64.ActiveCfg = Release|x64
		{ECD24A73-18FF-435D-A532-4A147B850695}.Release|x64.Build.0 = Release|x64
		{ECD24A73-18FF-435D-A532-4A147B850695}.Release|x86.ActiveCfg = Release|Win32
		{ECD24A73-18FF-435D-A532-4A147B850695}.Release|x86.Build.0 = Release|Win32
		{8C52A427-2297-45CD-89DA-9D470A3F4B76}.Debug|x64.ActiveCfg = Debug|x64
		{8C52A427-2297-45CD-89DA-9D470A3F4B76}.Debug|x64.Build.0 = Debug|x64
		{8C52A427-2297-45CD-89DA-9D470A3F4B76}.Debug|x86.ActiveCfg = Debug|Win32
		{8C52A427-2297-45CD-89DA-9D470A3F4B76}.Debug|x86.Build.0 = Debug|Win32
		{8C52A427-2297-45CD-89DA-9D470A3F4B76}.Release|x64.ActiveCfg = Release|x64
		{8C52A427-2297-45CD-89DA-9D470A3F4B76}.Release|x64.Build.0 = Release|x64
		{8C52A427-2297-45CD-89DA-9D470A3F4B76}.Release|x86.ActiveCfg = Release|Win32
		{8C52A427-2297-45CD-89DA-9D470A3F4B76}.Release|x86.Build.0 = Release|Win32
		{2A537866-352A-4E55-B44C-C1197C5013CF}.Debug|x64.ActiveCfg = Debug|x64
		{2A537866-352A-4E55-B44C-C1197C5013CF}.Debug|x64.Build.0 = Debug|x64
		{2A537866-352A-4E55-B44C-C1197C5013CF}.Debug|x86.ActiveCfg = Debug|Win32
		{2A537866-352A-4E55-B44C-C1197C5013CF}.Debug|x86.Build.0 = Debug|Win32
		{2A537866-352A-4E55-B44C-C1197C5013CF}.Release|x64.ActiveCfg = Release|x64
		{2A537866-352A-4E55-B44C-C1197C5013CF}.Release|x64.Build.0 = Release|x64
		{2A537866-352A-4E55-B44C-C1197C5013CF}.Release|x86.ActiveCfg = Release|Win32
		{2A537866-352A-4E55-B44C-C1197C5013CF}.Release|x86.Build.0 = Release|Win32
		{8C745967-8E93-4093-8982-CC313D885059}.Debug|x64.ActiveCfg = Debug|x64
		{8C745967-8E93-4093-8982-CC313D885059}.Debug|x64.Build.0 = Debug|x64
		{8C745967-8E93-4093-8982-CC313D885059}.Debug|x86.ActiveCfg = Debug|Win32
		{8C745967-8E93-4093-8982-CC313D885059}.Debug|x86.Build.0 = Debug|Win32
		{8C745967-8E93-4093-8982-CC313D885059}.Release|x64.ActiveCfg = Release|x64
		{8C745967-8E93-4093-8982-CC313D885059}.Release|x64.Build.0 = Release|x64
		{8C745967-8E93-4093-8982-CC313D885059}.Release|x86.ActiveCfg = Release|Win32
		{8C745967-8E93-4093-8982-CC313D885059}.Release|x86.Build.0 = Release|Win32
		{AF33AC79-0DFE-4DB3-A8A0-F29ED4648F4E}.Debug|x64.ActiveCfg = Debug|x64
		{AF33AC79-0DFE-4DB3-A8A0-F29ED4648F4E}.Debug|x64.Build.0 = Debug|x64
		{AF33AC79-0DFE-4DB3-A8A0-F29ED4648F4E}.Debug|x86.ActiveCfg = Debug|Win32
		{AF33AC79-0DFE-4DB3-A8A0-F29ED4648F4E}.Debug|x86.Build.0 = Debug|Win32
		{AF33AC79-0DFE-4DB3-A8A0-F29ED4648F4E}.Release|x64.ActiveCfg = Release|x64
		{AF33AC79-0DFE-4DB3-A8A0-F29ED4648F4E}.Release|x64.Build.0 = Release|x64
		{AF33AC79-0DFE-4DB3-A8A0-F29ED4648F4E}.Release|x86.ActiveCfg = Release|Win32
		{AF33AC79-0DFE-4DB3-A8A0-F29ED4648F4E}.Release|x86.Build.0 = Release|Win32
		{CA1E2F44-AE03-4A95-8E33-66E2F1C3D49B}.Debug|x64.ActiveCfg = Debug|x64
		{CA1E2F44-AE03-4A95-8E33-66E2F1C3D49B}.Debug|x64.Build.0 = Debug|x64
		{CA1E2F44-AE03-4A95-8E33-66E2F1C3D49B}.Debug|x86.ActiveCfg = Debug|Win32
		{CA1E2F44-AE03-4A95-8E33-66E2F1C3D49B}.Debug|x86.Build.0 = Debug|Win32
		{CA1E2F44-AE03-4A95-8E33-66E2F1C3D49B}.Release|x64.ActiveCfg = Release|x64
		{CA1E2F44-AE03-4A95-8E33-66E2F1C3D49B}.Release|x64.Build.0 = Release|x64
		{CA1E2F44-AE03-4A95-8E33-66E2F1C3D49B}.Release|x86.ActiveCfg = Release|Win32
		{CA1E2F44-AE03-4A95-8E33-66E2F1C3D49B}.Release|x86.Build.0 = Release|Win32
		{0E0AB58E-6FE7-474C-B56B-97E9D19BEC1B}.Debug|x64.ActiveCfg = Debug|x64
		{0E0AB58E-6FE7-474C-B56B-97E9D19BEC1B}.Debug|x64.Build.0 = Debug|x64
		{0E0AB58E-6FE7-474C-B56B-97E9D19BEC1B}.Debug|x86.ActiveCfg = Debug|Win32
		{0E0AB58E-6FE7-474C-B56B-97E9D19BEC1B}.Debug|x86.Build.0 = Debug|Win32
		{0E0AB58E-6FE7-474C-B56B-97E9D19BEC1B}.Release|x64.ActiveCfg = Release|x64
		{0E0AB58E-6FE7-474C-B56B-97E9D19BEC1B}.Release|x64.Build.0 = Release|x64
		{0E0AB58E-6FE7-474C-B56B-97E9D19BEC1B}.Release|x86.ActiveCfg = Release|Win32
		{0E0AB58E-6FE7-474C-B56B-97E9D19BEC1B}.Release|x86.Build.0 = Release|Win32
		{E94D7D66-964D-45DA-8CA1-985E277091A1}.Debug|x64.ActiveCfg = Debug|x64
		{E94D7D66-964D-45DA-8CA1-985E277091A1}.Debug|x64.Build.0 = Debug|x64
		{E94D7D66-964D-45DA-8CA1-985E277091A1}.Debug|x86.ActiveCfg = Debug|Win32
		{E94D7D66-964D-45DA-8CA1-985E277091A1}.Debug|x86.Build.0 = Debug|Win32
		{E94D7D66-964D-45DA-8CA1-985E277091A1}.Release|x64.ActiveCfg = Release|x64
		{E94D7D66-964D-45DA-8CA1-985E277091A1}.Release|x64.Build.0 = Release|x64
		{E94D7D66-964D-45DA-8CA1-985E277091A1}.Release|x86.ActiveCfg = Release|Win32
		{E94D7D66-964D-45DA-8CA1-985E277091A1}.Release|x86.Build.0 = Release|Win32
		{03BF4C6A-573B-4668-AEF8-DE4F5B696072}.Debug|x64.ActiveCfg = Debug|x64
		{03BF4C6A-573B-4668-AEF8-DE4F5B696072}.Debug|x64.Build.0 = Debug|x64
		{03BF4C6A-573B-4668-AEF8-DE4F5B696072}.Debug|x86.ActiveCfg = Debug|Win32
		{03BF4C6A-573B-4668-AEF8-DE4F5B696072}.Debug|x86.Build.0 = Debug|Win32
		{03BF4C6A-573B-4668-AEF8-DE4F5B696072}.Release|x64.ActiveCfg = Release|x64
		{03BF4C6A-573B-4668-AEF8-DE4F5B696072}.Release|x64.Build.0 = Release|x64
		{03BF4C6A-573B-4668-AEF8-DE4F5B696072}.Release|x86.ActiveCfg = Release|Win32
		{03BF4C6A-573B-4668-AEF8-DE4F5B696072}.Release|x86.Build.0 = Release|Win32
		{C18917DB-A055-4929-B2ED-E74C4FA072A3}.Debug|x64.ActiveCfg = Debug|x64
		{C18917DB-A055-4929-B2ED-E74C4FA072A3}.Debug|x64.Build.0 = Debug|x64
		{C18917DB-A055-4929-B2ED-E74C4FA072A3}.Debug|x86.ActiveCfg = Debug|Win32
		{C18917DB-A055-4929-B2ED-E74C4FA072A3}.Debug|x86.Build.0 = Debug|Win32
		{C18917DB-A055-4929-B2ED-E74C4FA072A3}.Release|x64.ActiveCfg = Release|x64
		{C18917DB-A055-4929-B2ED-E74C4FA072A3}.Release|x64.Build.0 = Release|x64
		{C18917DB-A055-4929-B2ED-E74C4FA072A3}.Release|x86.ActiveCfg = Release|Win32
		{C18917DB-A055-4929-B2ED-E74C4FA072A3}.Release|x86.Build.0 = Release|Win32
		{AB24EAE0-FD1F-40B0-AB26-9947C4FBD744}.Debug|x64.ActiveCfg = Debug|x64
		{AB24EAE0-FD1F-40B0-AB26-9947C4FBD744}.Debug|x64.Build.0 = Debug|x64
		{AB24EAE0-FD1F-40B0-AB26-9947C4FBD744}.Debug|x86.ActiveCfg = Debug|Win32
		{AB24EAE0-FD1F-40B0-AB26-9947C4FBD744}.Debug|x86.Build.0 = Debug|Win32
		{AB24EAE0-FD1F-40B0-AB26-9947C4FBD744}.Release|x64.ActiveCfg = Release|x64
		{AB24EAE0-FD1F-40B0-AB26-9947C4FBD744}.Release|x64.Build.0 = Release|x64
		{AB24EAE0-FD1F-40B0-AB26-9947C4FBD744}.Release|x86.ActiveCfg = Release|Win32
		{AB24EAE0-FD1F-40B0-AB26-9947C4FBD744}.Release|x86.Build.0 = Release|Win32
		{314BACB2-CCD6-41D1-9AEA-F3229093EA3D}.Debug|x64.ActiveCfg = Debug|x64
		{314BACB2-CCD6-41D1-9AEA-F3229093EA3D}.Debug|x64.Build.0 = Debug|x64
		{314BACB2-CCD6-41D1-9AEA-F3229093EA3D}.Debug|x86.ActiveCfg = Debug|Win32
		{314BACB2-CCD6-41D1-9AEA-F3229093EA3D}.Debug|x86.Build.0 = Debug|Win32
		{314BACB2-CCD6-41D1-9AEA-F3229093EA3D}.Release|x64.ActiveCfg = Release|x64
		{314BACB2-CCD6-41D1-9AEA-F3229093EA3D}.Release|x64.Build.0 = Release|x64
		{314BACB2-CCD6-41D1-9AEA-F3229093EA3D}.Release|x86.ActiveCfg = Release|Win32
		{314BACB2-CCD6-41D1-9AEA-F3229093EA3D}.Release|x86.Build.0 = Release|Win32
		{72236E7D-87B8-4B54-AB5E-F40E9B355531}.Debug|x64.ActiveCfg = Debug|x64
		{72236E7D-87B8-4B54-AB5E-F40E9B355531}.Debug|x64.Build.0 = Debug|x64
		{72236E7D-87B8-4B54-AB5E-F40E9B355531}.Debug|x86.ActiveCfg = Debug|Win32
		{72236E7D-87B8-4B54-AB5E-F40E9B355531}.Debug|x86.Build.0 = Debug|Win32
		{72236E7D-87B8-4B54-AB5E-F40E9B355531}.Release|x64.ActiveCfg = Release|x64
		{72236E7D-87B8-4B54-AB5E-F40E9B355531}.Release|x64.Build.0 = Release|x64
		{72236E7D-87B8-4B54-AB5E-F40E9B355531}.Release|x86.ActiveCfg = Release|Win32
		{72236E7D-87B8-4B54-AB5E-F40E9B355531}.Release|x86.Build.0 = Release|Win32
		{474D7941-B84C-49CC-9440-040E90FED28E}.Debug|x64.ActiveCfg = Debug|x64
		{474D7941-B84C-49CC-9440-040E90FED28E}.Debug|x64.Build.0 = Debug|x64
		{474D7941-B84C-49CC-9440-040E90FED28E}.Debug|x86.ActiveCfg = Debug|Win32
		{474D7941-B84C-49CC-9440-040E90FED28E}.Debug|x86.Build.0 = Debug|Win32
		{474D7941-B84C-49CC-9440-040E90FED28E}.Release|x64.ActiveCfg = Release|x64
		{474D7941-B84C-49CC-9440-040E90FED28E}.Release|x64.Build.0 = Release|x64
		{474D7941-B84C-49CC-9440-040E90FED28E}.Release|x86.ActiveCfg = Release|Win32
		{474D7941-B84C-49CC-9440-040E90FED28E}.Release|x86.Build.0 = Release|Win32
		{EB5A80F1-BFE8-4C51-A348-2501B8FB6F3A}.Debug|x64.ActiveCfg = Debug|x64
		{EB5A80F1-BFE8-4C51-A348-2501B8FB6F3A}.Debug|x64.Build.0 = Debug|x64
		{EB5A80F1-BFE8-4C51-A348-2501B8FB6F3A}.Debug|x86.ActiveCfg = Debug|Win32
		{EB5A80F1-BFE8-4C51-A348-2501B8FB6F3A}.Debug|x86.Build.0 = Debug|Win32
		{EB5A80F1-BFE8-4C51-A348-2501B8FB6F3A}.Release|x64.ActiveCfg = Release|x64
		{EB5A80F1-BFE8-4C51-A348-2501B8FB6F3A}.Release|x64.Build.0 = Release|x64
		{EB5A80F1-BFE8-4C51-A348-2501B8FB6F3A}.Release|x86.ActiveCfg = Release|Win32
		{EB5A80F1-BFE8-4C51-A348-2501B8FB6F3A}.Release|x86.Build.0 = Release|Win32
		{525B2E2D-F2EF-4B74-B2BA-2681DB3B15BF}.Debug|x64.ActiveCfg = Debug|x64
		{525B2E2D-F2EF-4B74-B2BA-2681DB3B15BF}.Debug|x64.Build.0 = Debug|x64
		{525B2E2D-F2EF-4B74-B2BA-2681DB3B15BF}.Debug|x86.ActiveCfg = Debug|Win32
		{525B2E2D-F2EF-4B74-B2BA-2681DB3B15BF}.Debug|x86.Build.0 = Debug|Win32
		{525B2E2D-F2EF-4B74-B2BA-2681DB3B15BF}.Release|x64.ActiveCfg = Release|x64
		{525B2E2D-F2EF-4B74-B2BA-2681DB3B15BF}.Release|x64.Build.0 = Release|x64
		{525B2E2D-F2EF-4B74-B2BA-2681DB3B15BF}.Release|x86.ActiveCfg = Release|Win32
		{525B2E2D-F2EF-4B74-B2BA-2681DB3B15BF}.Release|x86.Build.0 = Release|Win32
		{5FAB3DE9-D3B3-415A-A897-6002F812CA38}.Debug|x64.ActiveCfg = Debug|x64
		{5FAB3DE9-D3B3-415A-A897-6002F812CA38}.Debug|x64.Build.0 = Debug|x64
		{5FAB3DE9-D3B3-415A-A897-6002F812CA38}.Debug|x86.ActiveCfg = Debug|Win32
		{5FAB3DE9-D3B3-415A-A897-6002F812CA38}.Debug|x86.Build.0 = Debug|Win32
		{5FAB3DE9-D3B3-415A-A897-6002F812CA38}.Release|x64.ActiveCfg = Release|x64
		{5FAB3DE9-D3B3-415A-A897-6002F812CA38}.Release|x64.Build.0 = Release|x64
		{5FAB3DE9-D3B3-415A-A897-6002F812CA38}.Release|x86.ActiveCfg = Release|Win32
		{5FAB3DE9-D3B3-415A-A897-6002F812CA38}.Release|x86.Build.0 = Release|Win32
		{81B8E962-76C5-44B3-BB44-FDE0168B60F7}.Debug|x64.ActiveCfg = Debug|x64
		{81B8E962-76C5-44B3-BB44-FDE0168B60F7}.Debug|x64.Build.0 = Debug|x64
		{81B8E962-76C5-44B3-BB44-FDE0168B60F7}.Debug|x86.ActiveCfg = Debug|Win32
		{81B8E962-76C5-44B3-BB44-FDE0168B60F7}.Debug|x86.Build.0 = Debug|Win32
		{81B8E962-76C5-44B3-BB44-FDE0168B60F7}.Release|x64.ActiveCfg = Release|x64
		{81B8E962-76C5-44B3-BB44-FDE0168B60F7}.Release|x64.Build.0 = Release|x64
		{81B8E962-76C5-44B3-BB44-FDE0168B60F7}.Release|x86.ActiveCfg = Release|Win32
		{81B8E962-76C5-44B3-BB44-FDE0168B60F7}.Release|x86.Build.0 = Release|Win32
		{39A5AD3D-251D-41C8-831E-CC5C211D1E1A}.Debug|x64.ActiveCfg = Debug|x64
		{39A5AD3D-251D-41C8-831E-CC5C211D1E1A}.Debug|x64.Build.0 = Debug|x64
		{39A5AD3D-251D-41C8-831E-CC5C211D1E1A}.Debug|x86.ActiveCfg = Debug|Win32
		{39A5AD3D-251D-41C8-831E-CC5C211D1E1A}.Debug|x86.Build.0 = Debug|Win32
		{39A5AD3D-251D-41C8-831E-CC5C211D1E1A}.Release|x64.ActiveCfg = Release|x64
		{39A5AD3D-251D-41C8-831E-CC5C211D1E1A}.Release|x64.Build.0 = Release|x64
		{39A5AD3D-251D-41C8-831E-CC5C211D1E1A}.Release|x86.ActiveCfg = Release|Win32
		{39A5AD3D-251D-41C8-831E-CC5C211D1E1A}.Release|x86.Build.0 = Release|Win32
	EndGlobalSection
	GlobalSection(SolutionProperties) = preSolution
		HideSolutionNode = FALSE
	EndGlobalSection
	GlobalSection(ExtensibilityGlobals) = postSolution
		SolutionGuid = {3546234F-A712-47E6-A302-96360A9EA839}
	EndGlobalSection
EndGlobal
