
Microsoft Visual Studio Solution File, Format Version 12.00
# Visual Studio Version 17
VisualStudioVersion = 17.11.35327.3
MinimumVisualStudioVersion = 10.0.40219.1
Project("{8BC9CEB8-8B4A-11D0-8D11-00A0C91BC942}") = "Exercise01", "Exercise01\Exercise01.vcxproj", "{A8C1DB4D-1A4C-4330-B057-E2058B681BCF}"
EndProject
Project("{8BC9CEB8-8B4A-11D0-8D11-00A0C91BC942}") = "Exercise05", "Exercise05\Exercise05.vcxproj", "{56CB2205-BF77-4D6D-AE4C-B636A7F76E72}"
EndProject
Project("{8BC9CEB8-8B4A-11D0-8D11-00A0C91BC942}") = "Exercise24", "Exercise24\Exercise24.vcxproj", "{A31A3596-BC4F-4228-BB42-C4DDDA0CA815}"
EndProject
Project("{8BC9CEB8-8B4A-11D0-8D11-00A0C91BC942}") = "Exercise18", "Exercise18\Exercise18.vcxproj", "{FC0635E8-2B62-4AAE-B921-5A589001B097}"
EndProject
Project("{8BC9CEB8-8B4A-11D0-8D11-00A0C91BC942}") = "Exercise23", "Exercise23\Exercise23.vcxproj", "{A07DF6AC-8B01-408B-B330-176FDADB8CAD}"
EndProject
Project("{8BC9CEB8-8B4A-11D0-8D11-00A0C91BC942}") = "Exercise25", "Exercise25\Exercise25.vcxproj", "{0939A447-4612-4C3E-8C09-D1B61B3ECB28}"
EndProject
Project("{8BC9CEB8-8B4A-11D0-8D11-00A0C91BC942}") = "Exercise07", "Exercise07\Exercise07.vcxproj", "{B0F834DF-8FFB-44F7-87D5-B204174493F0}"
EndProject
Project("{8BC9CEB8-8B4A-11D0-8D11-00A0C91BC942}") = "Exercise08", "Exercise08\Exercise08.vcxproj", "{7D13A6FC-F0E1-415D-8307-157C4EC01CEA}"
EndProject
Project("{8BC9CEB8-8B4A-11D0-8D11-00A0C91BC942}") = "Exercise03", "Exercise03\Exercise03.vcxproj", "{25A147AD-926A-4D6F-A897-B11CBAECF115}"
EndProject
Project("{8BC9CEB8-8B4A-11D0-8D11-00A0C91BC942}") = "Exercise15", "Exercise15\Exercise15.vcxproj", "{A7094455-D486-4325-80A2-F0523130939D}"
EndProject
Project("{8BC9CEB8-8B4A-11D0-8D11-00A0C91BC942}") = "Exercise02", "Exercise02\Exercise02.vcxproj", "{1FDDE326-36CA-4CE9-871F-9C2A8E75366B}"
EndProject
Project("{8BC9CEB8-8B4A-11D0-8D11-00A0C91BC942}") = "Exercise12", "Exercise12\Exercise12.vcxproj", "{490B8A6E-AAB7-4D34-A164-F4880FB342A6}"
EndProject
Project("{8BC9CEB8-8B4A-11D0-8D11-00A0C91BC942}") = "Exercise09", "Exercise09\Exercise09.vcxproj", "{D718257B-2135-40D4-A010-C26241B89894}"
EndProject
Project("{8BC9CEB8-8B4A-11D0-8D11-00A0C91BC942}") = "Exercise11", "Exercise11\Exercise11.vcxproj", "{C1054271-48E3-48BC-B16E-7D74C3F330D2}"
EndProject
Project("{8BC9CEB8-8B4A-11D0-8D11-00A0C91BC942}") = "Exercise19", "Exercise19\Exercise19.vcxproj", "{98741D4F-7DCF-4509-9905-3F7423AC6858}"
EndProject
Project("{8BC9CEB8-8B4A-11D0-8D11-00A0C91BC942}") = "Exercise13", "Exercise13\Exercise13.vcxproj", "{52439F4F-9A2F-4DA8-89FD-27DF03B5DCBD}"
EndProject
Project("{8BC9CEB8-8B4A-11D0-8D11-00A0C91BC942}") = "Exercise17", "Exercise17\Exercise17.vcxproj", "{33E2915E-2B39-49DD-B16D-2FB79FB1E9D0}"
EndProject
Project("{8BC9CEB8-8B4A-11D0-8D11-00A0C91BC942}") = "Exercise10", "Exercise10\Exercise10.vcxproj", "{E16B3316-5338-4406-8FF2-4F5AE1CE355B}"
EndProject
Project("{8BC9CEB8-8B4A-11D0-8D11-00A0C91BC942}") = "Exercise21", "Exercise21\Exercise21.vcxproj", "{86C1A6D6-1993-4110-935C-7E494F025D54}"
EndProject
Project("{8BC9CEB8-8B4A-11D0-8D11-00A0C91BC942}") = "Exercise22", "Exercise22\Exercise22.vcxproj", "{8C40DF55-0909-467E-9B40-6FE1D2444270}"
EndProject
Project("{8BC9CEB8-8B4A-11D0-8D11-00A0C91BC942}") = "Exercise16", "Exercise16\Exercise16.vcxproj", "{FE9A5684-A14B-41F6-B561-49C8E7D17ECF}"
EndProject
Project("{8BC9CEB8-8B4A-11D0-8D11-00A0C91BC942}") = "Exercise06", "Exercise06\Exercise06.vcxproj", "{C3DD51AB-2B13-41A0-8082-630141AA32EB}"
EndProject
Project("{8BC9CEB8-8B4A-11D0-8D11-00A0C91BC942}") = "Exercise04", "Exercise04\Exercise04.vcxproj", "{DF11D007-9E92-4E04-B9D1-67ABEE2065EC}"
EndProject
Project("{8BC9CEB8-8B4A-11D0-8D11-00A0C91BC942}") = "Exercise20", "Exercise20\Exercise20.vcxproj", "{25D7E0A2-13E9-4BC0-81C5-DDF760229EB3}"
EndProject
Project("{8BC9CEB8-8B4A-11D0-8D11-00A0C91BC942}") = "Exercise14", "Exercise14\Exercise14.vcxproj", "{23FB379C-F99A-452A-8429-D2E7AA54334B}"
EndProject
Global
	GlobalSection(SolutionConfigurationPlatforms) = preSolution
		Debug|x64 = Debug|x64
		Debug|x86 = Debug|x86
		Release|x64 = Release|x64
		Release|x86 = Release|x86
	EndGlobalSection
	GlobalSection(ProjectConfigurationPlatforms) = postSolution
		{A8C1DB4D-1A4C-4330-B057-E2058B681BCF}.Debug|x64.ActiveCfg = Debug|x64
		{A8C1DB4D-1A4C-4330-B057-E2058B681BCF}.Debug|x64.Build.0 = Debug|x64
		{A8C1DB4D-1A4C-4330-B057-E2058B681BCF}.Debug|x86.ActiveCfg = Debug|Win32
		{A8C1DB4D-1A4C-4330-B057-E2058B681BCF}.Debug|x86.Build.0 = Debug|Win32
		{A8C1DB4D-1A4C-4330-B057-E2058B681BCF}.Release|x64.ActiveCfg = Release|x64
		{A8C1DB4D-1A4C-4330-B057-E2058B681BCF}.Release|x64.Build.0 = Release|x64
		{A8C1DB4D-1A4C-4330-B057-E2058B681BCF}.Release|x86.ActiveCfg = Release|Win32
		{A8C1DB4D-1A4C-4330-B057-E2058B681BCF}.Release|x86.Build.0 = Release|Win32
		{56CB2205-BF77-4D6D-AE4C-B636A7F76E72}.Debug|x64.ActiveCfg = Debug|x64
		{56CB2205-BF77-4D6D-AE4C-B636A7F76E72}.Debug|x64.Build.0 = Debug|x64
		{56CB2205-BF77-4D6D-AE4C-B636A7F76E72}.Debug|x86.ActiveCfg = Debug|Win32
		{56CB2205-BF77-4D6D-AE4C-B636A7F76E72}.Debug|x86.Build.0 = Debug|Win32
		{56CB2205-BF77-4D6D-AE4C-B636A7F76E72}.Release|x64.ActiveCfg = Release|x64
		{56CB2205-BF77-4D6D-AE4C-B636A7F76E72}.Release|x64.Build.0 = Release|x64
		{56CB2205-BF77-4D6D-AE4C-B636A7F76E72}.Release|x86.ActiveCfg = Release|Win32
		{56CB2205-BF77-4D6D-AE4C-B636A7F76E72}.Release|x86.Build.0 = Release|Win32
		{A31A3596-BC4F-4228-BB42-C4DDDA0CA815}.Debug|x64.ActiveCfg = Debug|x64
		{A31A3596-BC4F-4228-BB42-C4DDDA0CA815}.Debug|x64.Build.0 = Debug|x64
		{A31A3596-BC4F-4228-BB42-C4DDDA0CA815}.Debug|x86.ActiveCfg = Debug|Win32
		{A31A3596-BC4F-4228-BB42-C4DDDA0CA815}.Debug|x86.Build.0 = Debug|Win32
		{A31A3596-BC4F-4228-BB42-C4DDDA0CA815}.Release|x64.ActiveCfg = Release|x64
		{A31A3596-BC4F-4228-BB42-C4DDDA0CA815}.Release|x64.Build.0 = Release|x64
		{A31A3596-BC4F-4228-BB42-C4DDDA0CA815}.Release|x86.ActiveCfg = Release|Win32
		{A31A3596-BC4F-4228-BB42-C4DDDA0CA815}.Release|x86.Build.0 = Release|Win32
		{FC0635E8-2B62-4AAE-B921-5A589001B097}.Debug|x64.ActiveCfg = Debug|x64
		{FC0635E8-2B62-4AAE-B921-5A589001B097}.Debug|x64.Build.0 = Debug|x64
		{FC0635E8-2B62-4AAE-B921-5A589001B097}.Debug|x86.ActiveCfg = Debug|Win32
		{FC0635E8-2B62-4AAE-B921-5A589001B097}.Debug|x86.Build.0 = Debug|Win32
		{FC0635E8-2B62-4AAE-B921-5A589001B097}.Release|x64.ActiveCfg = Release|x64
		{FC0635E8-2B62-4AAE-B921-5A589001B097}.Release|x64.Build.0 = Release|x64
		{FC0635E8-2B62-4AAE-B921-5A589001B097}.Release|x86.ActiveCfg = Release|Win32
		{FC0635E8-2B62-4AAE-B921-5A589001B097}.Release|x86.Build.0 = Release|Win32
		{A07DF6AC-8B01-408B-B330-176FDADB8CAD}.Debug|x64.ActiveCfg = Debug|x64
		{A07DF6AC-8B01-408B-B330-176FDADB8CAD}.Debug|x64.Build.0 = Debug|x64
		{A07DF6AC-8B01-408B-B330-176FDADB8CAD}.Debug|x86.ActiveCfg = Debug|Win32
		{A07DF6AC-8B01-408B-B330-176FDADB8CAD}.Debug|x86.Build.0 = Debug|Win32
		{A07DF6AC-8B01-408B-B330-176FDADB8CAD}.Release|x64.ActiveCfg = Release|x64
		{A07DF6AC-8B01-408B-B330-176FDADB8CAD}.Release|x64.Build.0 = Release|x64
		{A07DF6AC-8B01-408B-B330-176FDADB8CAD}.Release|x86.ActiveCfg = Release|Win32
		{A07DF6AC-8B01-408B-B330-176FDADB8CAD}.Release|x86.Build.0 = Release|Win32
		{0939A447-4612-4C3E-8C09-D1B61B3ECB28}.Debug|x64.ActiveCfg = Debug|x64
		{0939A447-4612-4C3E-8C09-D1B61B3ECB28}.Debug|x64.Build.0 = Debug|x64
		{0939A447-4612-4C3E-8C09-D1B61B3ECB28}.Debug|x86.ActiveCfg = Debug|Win32
		{0939A447-4612-4C3E-8C09-D1B61B3ECB28}.Debug|x86.Build.0 = Debug|Win32
		{0939A447-4612-4C3E-8C09-D1B61B3ECB28}.Release|x64.ActiveCfg = Release|x64
		{0939A447-4612-4C3E-8C09-D1B61B3ECB28}.Release|x64.Build.0 = Release|x64
		{0939A447-4612-4C3E-8C09-D1B61B3ECB28}.Release|x86.ActiveCfg = Release|Win32
		{0939A447-4612-4C3E-8C09-D1B61B3ECB28}.Release|x86.Build.0 = Release|Win32
		{B0F834DF-8FFB-44F7-87D5-B204174493F0}.Debug|x64.ActiveCfg = Debug|x64
		{B0F834DF-8FFB-44F7-87D5-B204174493F0}.Debug|x64.Build.0 = Debug|x64
		{B0F834DF-8FFB-44F7-87D5-B204174493F0}.Debug|x86.ActiveCfg = Debug|Win32
		{B0F834DF-8FFB-44F7-87D5-B204174493F0}.Debug|x86.Build.0 = Debug|Win32
		{B0F834DF-8FFB-44F7-87D5-B204174493F0}.Release|x64.ActiveCfg = Release|x64
		{B0F834DF-8FFB-44F7-87D5-B204174493F0}.Release|x64.Build.0 = Release|x64
		{B0F834DF-8FFB-44F7-87D5-B204174493F0}.Release|x86.ActiveCfg = Release|Win32
		{B0F834DF-8FFB-44F7-87D5-B204174493F0}.Release|x86.Build.0 = Release|Win32
		{7D13A6FC-F0E1-415D-8307-157C4EC01CEA}.Debug|x64.ActiveCfg = Debug|x64
		{7D13A6FC-F0E1-415D-8307-157C4EC01CEA}.Debug|x64.Build.0 = Debug|x64
		{7D13A6FC-F0E1-415D-8307-157C4EC01CEA}.Debug|x86.ActiveCfg = Debug|Win32
		{7D13A6FC-F0E1-415D-8307-157C4EC01CEA}.Debug|x86.Build.0 = Debug|Win32
		{7D13A6FC-F0E1-415D-8307-157C4EC01CEA}.Release|x64.ActiveCfg = Release|x64
		{7D13A6FC-F0E1-415D-8307-157C4EC01CEA}.Release|x64.Build.0 = Release|x64
		{7D13A6FC-F0E1-415D-8307-157C4EC01CEA}.Release|x86.ActiveCfg = Release|Win32
		{7D13A6FC-F0E1-415D-8307-157C4EC01CEA}.Release|x86.Build.0 = Release|Win32
		{25A147AD-926A-4D6F-A897-B11CBAECF115}.Debug|x64.ActiveCfg = Debug|x64
		{25A147AD-926A-4D6F-A897-B11CBAECF115}.Debug|x64.Build.0 = Debug|x64
		{25A147AD-926A-4D6F-A897-B11CBAECF115}.Debug|x86.ActiveCfg = Debug|Win32
		{25A147AD-926A-4D6F-A897-B11CBAECF115}.Debug|x86.Build.0 = Debug|Win32
		{25A147AD-926A-4D6F-A897-B11CBAECF115}.Release|x64.ActiveCfg = Release|x64
		{25A147AD-926A-4D6F-A897-B11CBAECF115}.Release|x64.Build.0 = Release|x64
		{25A147AD-926A-4D6F-A897-B11CBAECF115}.Release|x86.ActiveCfg = Release|Win32
		{25A147AD-926A-4D6F-A897-B11CBAECF115}.Release|x86.Build.0 = Release|Win32
		{A7094455-D486-4325-80A2-F0523130939D}.Debug|x64.ActiveCfg = Debug|x64
		{A7094455-D486-4325-80A2-F0523130939D}.Debug|x64.Build.0 = Debug|x64
		{A7094455-D486-4325-80A2-F0523130939D}.Debug|x86.ActiveCfg = Debug|Win32
		{A7094455-D486-4325-80A2-F0523130939D}.Debug|x86.Build.0 = Debug|Win32
		{A7094455-D486-4325-80A2-F0523130939D}.Release|x64.ActiveCfg = Release|x64
		{A7094455-D486-4325-80A2-F0523130939D}.Release|x64.Build.0 = Release|x64
		{A7094455-D486-4325-80A2-F0523130939D}.Release|x86.ActiveCfg = Release|Win32
		{A7094455-D486-4325-80A2-F0523130939D}.Release|x86.Build.0 = Release|Win32
		{1FDDE326-36CA-4CE9-871F-9C2A8E75366B}.Debug|x64.ActiveCfg = Debug|x64
		{1FDDE326-36CA-4CE9-871F-9C2A8E75366B}.Debug|x64.Build.0 = Debug|x64
		{1FDDE326-36CA-4CE9-871F-9C2A8E75366B}.Debug|x86.ActiveCfg = Debug|Win32
		{1FDDE326-36CA-4CE9-871F-9C2A8E75366B}.Debug|x86.Build.0 = Debug|Win32
		{1FDDE326-36CA-4CE9-871F-9C2A8E75366B}.Release|x64.ActiveCfg = Release|x64
		{1FDDE326-36CA-4CE9-871F-9C2A8E75366B}.Release|x64.Build.0 = Release|x64
		{1FDDE326-36CA-4CE9-871F-9C2A8E75366B}.Release|x86.ActiveCfg = Release|Win32
		{1FDDE326-36CA-4CE9-871F-9C2A8E75366B}.Release|x86.Build.0 = Release|Win32
		{490B8A6E-AAB7-4D34-A164-F4880FB342A6}.Debug|x64.ActiveCfg = Debug|x64
		{490B8A6E-AAB7-4D34-A164-F4880FB342A6}.Debug|x64.Build.0 = Debug|x64
		{490B8A6E-AAB7-4D34-A164-F4880FB342A6}.Debug|x86.ActiveCfg = Debug|Win32
		{490B8A6E-AAB7-4D34-A164-F4880FB342A6}.Debug|x86.Build.0 = Debug|Win32
		{490B8A6E-AAB7-4D34-A164-F4880FB342A6}.Release|x64.ActiveCfg = Release|x64
		{490B8A6E-AAB7-4D34-A164-F4880FB342A6}.Release|x64.Build.0 = Release|x64
		{490B8A6E-AAB7-4D34-A164-F4880FB342A6}.Release|x86.ActiveCfg = Release|Win32
		{490B8A6E-AAB7-4D34-A164-F4880FB342A6}.Release|x86.Build.0 = Release|Win32
		{D718257B-2135-40D4-A010-C26241B89894}.Debug|x64.ActiveCfg = Debug|x64
		{D718257B-2135-40D4-A010-C26241B89894}.Debug|x64.Build.0 = Debug|x64
		{D718257B-2135-40D4-A010-C26241B89894}.Debug|x86.ActiveCfg = Debug|Win32
		{D718257B-2135-40D4-A010-C26241B89894}.Debug|x86.Build.0 = Debug|Win32
		{D718257B-2135-40D4-A010-C26241B89894}.Release|x64.ActiveCfg = Release|x64
		{D718257B-2135-40D4-A010-C26241B89894}.Release|x64.Build.0 = Release|x64
		{D718257B-2135-40D4-A010-C26241B89894}.Release|x86.ActiveCfg = Release|Win32
		{D718257B-2135-40D4-A010-C26241B89894}.Release|x86.Build.0 = Release|Win32
		{C1054271-48E3-48BC-B16E-7D74C3F330D2}.Debug|x64.ActiveCfg = Debug|x64
		{C1054271-48E3-48BC-B16E-7D74C3F330D2}.Debug|x64.Build.0 = Debug|x64
		{C1054271-48E3-48BC-B16E-7D74C3F330D2}.Debug|x86.ActiveCfg = Debug|Win32
		{C1054271-48E3-48BC-B16E-7D74C3F330D2}.Debug|x86.Build.0 = Debug|Win32
		{C1054271-48E3-48BC-B16E-7D74C3F330D2}.Release|x64.ActiveCfg = Release|x64
		{C1054271-48E3-48BC-B16E-7D74C3F330D2}.Release|x64.Build.0 = Release|x64
		{C1054271-48E3-48BC-B16E-7D74C3F330D2}.Release|x86.ActiveCfg = Release|Win32
		{C1054271-48E3-48BC-B16E-7D74C3F330D2}.Release|x86.Build.0 = Release|Win32
		{98741D4F-7DCF-4509-9905-3F7423AC6858}.Debug|x64.ActiveCfg = Debug|x64
		{98741D4F-7DCF-4509-9905-3F7423AC6858}.Debug|x64.Build.0 = Debug|x64
		{98741D4F-7DCF-4509-9905-3F7423AC6858}.Debug|x86.ActiveCfg = Debug|Win32
		{98741D4F-7DCF-4509-9905-3F7423AC6858}.Debug|x86.Build.0 = Debug|Win32
		{98741D4F-7DCF-4509-9905-3F7423AC6858}.Release|x64.ActiveCfg = Release|x64
		{98741D4F-7DCF-4509-9905-3F7423AC6858}.Release|x64.Build.0 = Release|x64
		{98741D4F-7DCF-4509-9905-3F7423AC6858}.Release|x86.ActiveCfg = Release|Win32
		{98741D4F-7DCF-4509-9905-3F7423AC6858}.Release|x86.Build.0 = Release|Win32
		{52439F4F-9A2F-4DA8-89FD-27DF03B5DCBD}.Debug|x64.ActiveCfg = Debug|x64
		{52439F4F-9A2F-4DA8-89FD-27DF03B5DCBD}.Debug|x64.Build.0 = Debug|x64
		{52439F4F-9A2F-4DA8-89FD-27DF03B5DCBD}.Debug|x86.ActiveCfg = Debug|Win32
		{52439F4F-9A2F-4DA8-89FD-27DF03B5DCBD}.Debug|x86.Build.0 = Debug|Win32
		{52439F4F-9A2F-4DA8-89FD-27DF03B5DCBD}.Release|x64.ActiveCfg = Release|x64
		{52439F4F-9A2F-4DA8-89FD-27DF03B5DCBD}.Release|x64.Build.0 = Release|x64
		{52439F4F-9A2F-4DA8-89FD-27DF03B5DCBD}.Release|x86.ActiveCfg = Release|Win32
		{52439F4F-9A2F-4DA8-89FD-27DF03B5DCBD}.Release|x86.Build.0 = Release|Win32
		{33E2915E-2B39-49DD-B16D-2FB79FB1E9D0}.Debug|x64.ActiveCfg = Debug|x64
		{33E2915E-2B39-49DD-B16D-2FB79FB1E9D0}.Debug|x64.Build.0 = Debug|x64
		{33E2915E-2B39-49DD-B16D-2FB79FB1E9D0}.Debug|x86.ActiveCfg = Debug|Win32
		{33E2915E-2B39-49DD-B16D-2FB79FB1E9D0}.Debug|x86.Build.0 = Debug|Win32
		{33E2915E-2B39-49DD-B16D-2FB79FB1E9D0}.Release|x64.ActiveCfg = Release|x64
		{33E2915E-2B39-49DD-B16D-2FB79FB1E9D0}.Release|x64.Build.0 = Release|x64
		{33E2915E-2B39-49DD-B16D-2FB79FB1E9D0}.Release|x86.ActiveCfg = Release|Win32
		{33E2915E-2B39-49DD-B16D-2FB79FB1E9D0}.Release|x86.Build.0 = Release|Win32
		{E16B3316-5338-4406-8FF2-4F5AE1CE355B}.Debug|x64.ActiveCfg = Debug|x64
		{E16B3316-5338-4406-8FF2-4F5AE1CE355B}.Debug|x64.Build.0 = Debug|x64
		{E16B3316-5338-4406-8FF2-4F5AE1CE355B}.Debug|x86.ActiveCfg = Debug|Win32
		{E16B3316-5338-4406-8FF2-4F5AE1CE355B}.Debug|x86.Build.0 = Debug|Win32
		{E16B3316-5338-4406-8FF2-4F5AE1CE355B}.Release|x64.ActiveCfg = Release|x64
		{E16B3316-5338-4406-8FF2-4F5AE1CE355B}.Release|x64.Build.0 = Release|x64
		{E16B3316-5338-4406-8FF2-4F5AE1CE355B}.Release|x86.ActiveCfg = Release|Win32
		{E16B3316-5338-4406-8FF2-4F5AE1CE355B}.Release|x86.Build.0 = Release|Win32
		{86C1A6D6-1993-4110-935C-7E494F025D54}.Debug|x64.ActiveCfg = Debug|x64
		{86C1A6D6-1993-4110-935C-7E494F025D54}.Debug|x64.Build.0 = Debug|x64
		{86C1A6D6-1993-4110-935C-7E494F025D54}.Debug|x86.ActiveCfg = Debug|Win32
		{86C1A6D6-1993-4110-935C-7E494F025D54}.Debug|x86.Build.0 = Debug|Win32
		{86C1A6D6-1993-4110-935C-7E494F025D54}.Release|x64.ActiveCfg = Release|x64
		{86C1A6D6-1993-4110-935C-7E494F025D54}.Release|x64.Build.0 = Release|x64
		{86C1A6D6-1993-4110-935C-7E494F025D54}.Release|x86.ActiveCfg = Release|Win32
		{86C1A6D6-1993-4110-935C-7E494F025D54}.Release|x86.Build.0 = Release|Win32
		{8C40DF55-0909-467E-9B40-6FE1D2444270}.Debug|x64.ActiveCfg = Debug|x64
		{8C40DF55-0909-467E-9B40-6FE1D2444270}.Debug|x64.Build.0 = Debug|x64
		{8C40DF55-0909-467E-9B40-6FE1D2444270}.Debug|x86.ActiveCfg = Debug|Win32
		{8C40DF55-0909-467E-9B40-6FE1D2444270}.Debug|x86.Build.0 = Debug|Win32
		{8C40DF55-0909-467E-9B40-6FE1D2444270}.Release|x64.ActiveCfg = Release|x64
		{8C40DF55-0909-467E-9B40-6FE1D2444270}.Release|x64.Build.0 = Release|x64
		{8C40DF55-0909-467E-9B40-6FE1D2444270}.Release|x86.ActiveCfg = Release|Win32
		{8C40DF55-0909-467E-9B40-6FE1D2444270}.Release|x86.Build.0 = Release|Win32
		{FE9A5684-A14B-41F6-B561-49C8E7D17ECF}.Debug|x64.ActiveCfg = Debug|x64
		{FE9A5684-A14B-41F6-B561-49C8E7D17ECF}.Debug|x64.Build.0 = Debug|x64
		{FE9A5684-A14B-41F6-B561-49C8E7D17ECF}.Debug|x86.ActiveCfg = Debug|Win32
		{FE9A5684-A14B-41F6-B561-49C8E7D17ECF}.Debug|x86.Build.0 = Debug|Win32
		{FE9A5684-A14B-41F6-B561-49C8E7D17ECF}.Release|x64.ActiveCfg = Release|x64
		{FE9A5684-A14B-41F6-B561-49C8E7D17ECF}.Release|x64.Build.0 = Release|x64
		{FE9A5684-A14B-41F6-B561-49C8E7D17ECF}.Release|x86.ActiveCfg = Release|Win32
		{FE9A5684-A14B-41F6-B561-49C8E7D17ECF}.Release|x86.Build.0 = Release|Win32
		{C3DD51AB-2B13-41A0-8082-630141AA32EB}.Debug|x64.ActiveCfg = Debug|x64
		{C3DD51AB-2B13-41A0-8082-630141AA32EB}.Debug|x64.Build.0 = Debug|x64
		{C3DD51AB-2B13-41A0-8082-630141AA32EB}.Debug|x86.ActiveCfg = Debug|Win32
		{C3DD51AB-2B13-41A0-8082-630141AA32EB}.Debug|x86.Build.0 = Debug|Win32
		{C3DD51AB-2B13-41A0-8082-630141AA32EB}.Release|x64.ActiveCfg = Release|x64
		{C3DD51AB-2B13-41A0-8082-630141AA32EB}.Release|x64.Build.0 = Release|x64
		{C3DD51AB-2B13-41A0-8082-630141AA32EB}.Release|x86.ActiveCfg = Release|Win32
		{C3DD51AB-2B13-41A0-8082-630141AA32EB}.Release|x86.Build.0 = Release|Win32
		{DF11D007-9E92-4E04-B9D1-67ABEE2065EC}.Debug|x64.ActiveCfg = Debug|x64
		{DF11D007-9E92-4E04-B9D1-67ABEE2065EC}.Debug|x64.Build.0 = Debug|x64
		{DF11D007-9E92-4E04-B9D1-67ABEE2065EC}.Debug|x86.ActiveCfg = Debug|Win32
		{DF11D007-9E92-4E04-B9D1-67ABEE2065EC}.Debug|x86.Build.0 = Debug|Win32
		{DF11D007-9E92-4E04-B9D1-67ABEE2065EC}.Release|x64.ActiveCfg = Release|x64
		{DF11D007-9E92-4E04-B9D1-67ABEE2065EC}.Release|x64.Build.0 = Release|x64
		{DF11D007-9E92-4E04-B9D1-67ABEE2065EC}.Release|x86.ActiveCfg = Release|Win32
		{DF11D007-9E92-4E04-B9D1-67ABEE2065EC}.Release|x86.Build.0 = Release|Win32
		{25D7E0A2-13E9-4BC0-81C5-DDF760229EB3}.Debug|x64.ActiveCfg = Debug|x64
		{25D7E0A2-13E9-4BC0-81C5-DDF760229EB3}.Debug|x64.Build.0 = Debug|x64
		{25D7E0A2-13E9-4BC0-81C5-DDF760229EB3}.Debug|x86.ActiveCfg = Debug|Win32
		{25D7E0A2-13E9-4BC0-81C5-DDF760229EB3}.Debug|x86.Build.0 = Debug|Win32
		{25D7E0A2-13E9-4BC0-81C5-DDF760229EB3}.Release|x64.ActiveCfg = Release|x64
		{25D7E0A2-13E9-4BC0-81C5-DDF760229EB3}.Release|x64.Build.0 = Release|x64
		{25D7E0A2-13E9-4BC0-81C5-DDF760229EB3}.Release|x86.ActiveCfg = Release|Win32
		{25D7E0A2-13E9-4BC0-81C5-DDF760229EB3}.Release|x86.Build.0 = Release|Win32
		{23FB379C-F99A-452A-8429-D2E7AA54334B}.Debug|x64.ActiveCfg = Debug|x64
		{23FB379C-F99A-452A-8429-D2E7AA54334B}.Debug|x64.Build.0 = Debug|x64
		{23FB379C-F99A-452A-8429-D2E7AA54334B}.Debug|x86.ActiveCfg = Debug|Win32
		{23FB379C-F99A-452A-8429-D2E7AA54334B}.Debug|x86.Build.0 = Debug|Win32
		{23FB379C-F99A-452A-8429-D2E7AA54334B}.Release|x64.ActiveCfg = Release|x64
		{23FB379C-F99A-452A-8429-D2E7AA54334B}.Release|x64.Build.0 = Release|x64
		{23FB379C-F99A-452A-8429-D2E7AA54334B}.Release|x86.ActiveCfg = Release|Win32
		{23FB379C-F99A-452A-8429-D2E7AA54334B}.Release|x86.Build.0 = Release|Win32
	EndGlobalSection
	GlobalSection(SolutionProperties) = preSolution
		HideSolutionNode = FALSE
	EndGlobalSection
	GlobalSection(ExtensibilityGlobals) = postSolution
		SolutionGuid = {BF50A7DA-CF0F-4E03-96D1-0A258702C722}
	EndGlobalSection
EndGlobal
