
Microsoft Visual Studio Solution File, Format Version 12.00
# Visual Studio Version 17
VisualStudioVersion = 17.11.35327.3
MinimumVisualStudioVersion = 10.0.40219.1
Project("{8BC9CEB8-8B4A-11D0-8D11-00A0C91BC942}") = "Exercise01", "Exercise01\Exercise01.vcxproj", "{22969142-BBF8-4D47-8B85-04039E5D42F6}"
EndProject
Project("{8BC9CEB8-8B4A-11D0-8D11-00A0C91BC942}") = "Exercise02", "Exercise02\Exercise02.vcxproj", "{E7952D35-3A50-4570-9081-DCD2678458FF}"
EndProject
Project("{8BC9CEB8-8B4A-11D0-8D11-00A0C91BC942}") = "Exercise03", "Exercise03\Exercise03.vcxproj", "{6578BF6E-F5F4-42A0-B3C9-4E5B7A3A0E36}"
EndProject
Project("{8BC9CEB8-8B4A-11D0-8D11-00A0C91BC942}") = "Exercise04", "Exercise04\Exercise04.vcxproj", "{9E4EE6E1-E2C2-46BC-82A0-C71209FDC4B3}"
EndProject
Project("{8BC9CEB8-8B4A-11D0-8D11-00A0C91BC942}") = "Exercise05", "Exercise05\Exercise05.vcxproj", "{A8259394-654E-4163-A153-AE1918E7E036}"
EndProject
Project("{8BC9CEB8-8B4A-11D0-8D11-00A0C91BC942}") = "Exercise06", "Exercise06\Exercise06.vcxproj", "{6801945A-ABDC-4D6D-855A-20F8EE91ABCE}"
EndProject
Project("{8BC9CEB8-8B4A-11D0-8D11-00A0C91BC942}") = "Exercise07", "Exercise07\Exercise07.vcxproj", "{AA261910-7D56-4337-B598-0391E89FD83E}"
EndProject
Project("{8BC9CEB8-8B4A-11D0-8D11-00A0C91BC942}") = "Exercise08", "Exercise08\Exercise08.vcxproj", "{5EE7E898-17D3-4E01-957C-64AE1795460E}"
EndProject
Project("{8BC9CEB8-8B4A-11D0-8D11-00A0C91BC942}") = "Exercise09", "Exercise09\Exercise09.vcxproj", "{9EC74D3F-E6AE-4B85-A46D-27436091CF5B}"
EndProject
Project("{8BC9CEB8-8B4A-11D0-8D11-00A0C91BC942}") = "Exercise10", "Exercise10\Exercise10.vcxproj", "{A94074A8-5123-4E3B-87FD-AB12E103F6D5}"
EndProject
Project("{8BC9CEB8-8B4A-11D0-8D11-00A0C91BC942}") = "Exercise11", "Exercise11\Exercise11.vcxproj", "{F1D5B75B-76E5-449D-A872-9C0AFAFFC47B}"
EndProject
Project("{8BC9CEB8-8B4A-11D0-8D11-00A0C91BC942}") = "Exercise12", "Exercise12\Exercise12.vcxproj", "{582F914A-4ABE-413E-BB50-EFC7D7EFFF6D}"
EndProject
Project("{8BC9CEB8-8B4A-11D0-8D11-00A0C91BC942}") = "Exercise13", "Exercise13\Exercise13.vcxproj", "{FF473D80-0609-4E9C-A46C-5DA5AD21C503}"
EndProject
Project("{8BC9CEB8-8B4A-11D0-8D11-00A0C91BC942}") = "Exercise14", "Exercise14\Exercise14.vcxproj", "{FB72F724-B674-4AF5-A7B5-B4923E9FFCAC}"
EndProject
Project("{8BC9CEB8-8B4A-11D0-8D11-00A0C91BC942}") = "Exercise15", "Exercise15\Exercise15.vcxproj", "{4E4A14F5-F39E-461C-AA72-D9747C61180A}"
EndProject
Project("{8BC9CEB8-8B4A-11D0-8D11-00A0C91BC942}") = "Exercise16", "Exercise16\Exercise16.vcxproj", "{2EB75300-9F02-4DE1-91FE-FB76DCE64E7F}"
EndProject
Project("{8BC9CEB8-8B4A-11D0-8D11-00A0C91BC942}") = "Exercise17", "Exercise17\Exercise17.vcxproj", "{93385BCA-1D02-4D33-AEA5-2F8BBAB76450}"
EndProject
Project("{8BC9CEB8-8B4A-11D0-8D11-00A0C91BC942}") = "Exercise18", "Exercise18\Exercise18.vcxproj", "{166A23AD-819A-4508-866C-3733914AFFAC}"
EndProject
Project("{8BC9CEB8-8B4A-11D0-8D11-00A0C91BC942}") = "Exercise19", "Exercise19\Exercise19.vcxproj", "{34D1757B-2868-4FC5-A6CE-B52E62B8E30A}"
EndProject
Project("{8BC9CEB8-8B4A-11D0-8D11-00A0C91BC942}") = "Exercise20", "Exercise20\Exercise20.vcxproj", "{04B0CF10-E335-4C1D-8268-89B504EA990B}"
EndProject
Project("{8BC9CEB8-8B4A-11D0-8D11-00A0C91BC942}") = "Exercise21", "Exercise21\Exercise21.vcxproj", "{02E90420-4EDF-409A-9F11-8C61E369001B}"
EndProject
Project("{8BC9CEB8-8B4A-11D0-8D11-00A0C91BC942}") = "Exercise22", "Exercise22\Exercise22.vcxproj", "{E9C755D5-7B02-4ADD-A324-65C9F9F7483B}"
EndProject
Project("{8BC9CEB8-8B4A-11D0-8D11-00A0C91BC942}") = "Exercise23", "Exercise23\Exercise23.vcxproj", "{08D8E9DA-BCF9-4EEE-A86A-AC53A816E7FE}"
EndProject
Project("{8BC9CEB8-8B4A-11D0-8D11-00A0C91BC942}") = "Exercise24", "Exercise24\Exercise24.vcxproj", "{643E8EBA-BC90-4FBB-91B6-A9BB838AE32A}"
EndProject
Project("{8BC9CEB8-8B4A-11D0-8D11-00A0C91BC942}") = "Exercise25", "Exercise25\Exercise25.vcxproj", "{FC42BC90-A62F-414B-BAB5-2270E946F29D}"
EndProject
Project("{8BC9CEB8-8B4A-11D0-8D11-00A0C91BC942}") = "Exercise26", "Exercise26\Exercise26.vcxproj", "{827AC892-A073-4966-9C48-D335265A243E}"
EndProject
Project("{8BC9CEB8-8B4A-11D0-8D11-00A0C91BC942}") = "Exercise27", "Exercise27\Exercise27.vcxproj", "{A9FE01BF-AF1F-461F-B33A-359F2AB8C1F5}"
EndProject
Project("{8BC9CEB8-8B4A-11D0-8D11-00A0C91BC942}") = "Exercise28", "Exercise28\Exercise28.vcxproj", "{BDE77392-4712-4418-A6B6-478CCFE6367F}"
EndProject
Project("{8BC9CEB8-8B4A-11D0-8D11-00A0C91BC942}") = "Exercise29", "Exercise29\Exercise29.vcxproj", "{C0A08D96-B47A-4966-9BF0-3B990A1479F9}"
EndProject
Project("{8BC9CEB8-8B4A-11D0-8D11-00A0C91BC942}") = "Exercise30", "Exercise30\Exercise30.vcxproj", "{02322DF5-D0D0-4843-BD11-A565D8875406}"
EndProject
Project("{8BC9CEB8-8B4A-11D0-8D11-00A0C91BC942}") = "Exercise31", "Exercise31\Exercise31.vcxproj", "{2BF27AB1-D38E-437B-B3F6-70F52A100302}"
EndProject
Project("{8BC9CEB8-8B4A-11D0-8D11-00A0C91BC942}") = "Exercise32", "Exercise32\Exercise32.vcxproj", "{99BAE7C1-BC1F-47D4-9FFB-C45BC708C0DB}"
EndProject
Project("{8BC9CEB8-8B4A-11D0-8D11-00A0C91BC942}") = "Exercise33", "Exercise33\Exercise33.vcxproj", "{27D241E8-B52D-4BE3-BFA5-74F8DBB0769B}"
EndProject
Project("{8BC9CEB8-8B4A-11D0-8D11-00A0C91BC942}") = "Exercise34", "Exercise34\Exercise34.vcxproj", "{8CDF62AD-488E-4C4B-A618-675F6C086F48}"
EndProject
Project("{8BC9CEB8-8B4A-11D0-8D11-00A0C91BC942}") = "Exercise35", "Exercise35\Exercise35.vcxproj", "{237E0B7D-411D-4836-9B95-FA7AA7A19975}"
EndProject
Project("{8BC9CEB8-8B4A-11D0-8D11-00A0C91BC942}") = "Exercise36", "Exercise36\Exercise36.vcxproj", "{857206B9-5EC9-48EF-B3B8-45A3688278A0}"
EndProject
Project("{8BC9CEB8-8B4A-11D0-8D11-00A0C91BC942}") = "Exercise37", "Exercise37\Exercise37.vcxproj", "{E5CD18F3-08EB-4A64-9786-22B16C9ED1CB}"
EndProject
Project("{8BC9CEB8-8B4A-11D0-8D11-00A0C91BC942}") = "Exercise38", "Exercise38\Exercise38.vcxproj", "{7D4EDB6F-33ED-4570-823D-54D3340069FC}"
EndProject
Project("{8BC9CEB8-8B4A-11D0-8D11-00A0C91BC942}") = "Exercise39", "Exercise39\Exercise39.vcxproj", "{2F9E9701-AC30-4DBE-AE74-7CC87090E23B}"
EndProject
Global
	GlobalSection(SolutionConfigurationPlatforms) = preSolution
		Debug|x64 = Debug|x64
		Debug|x86 = Debug|x86
		Release|x64 = Release|x64
		Release|x86 = Release|x86
	EndGlobalSection
	GlobalSection(ProjectConfigurationPlatforms) = postSolution
		{22969142-BBF8-4D47-8B85-04039E5D42F6}.Debug|x64.ActiveCfg = Debug|x64
		{22969142-BBF8-4D47-8B85-04039E5D42F6}.Debug|x64.Build.0 = Debug|x64
		{22969142-BBF8-4D47-8B85-04039E5D42F6}.Debug|x86.ActiveCfg = Debug|Win32
		{22969142-BBF8-4D47-8B85-04039E5D42F6}.Debug|x86.Build.0 = Debug|Win32
		{22969142-BBF8-4D47-8B85-04039E5D42F6}.Release|x64.ActiveCfg = Release|x64
		{22969142-BBF8-4D47-8B85-04039E5D42F6}.Release|x64.Build.0 = Release|x64
		{22969142-BBF8-4D47-8B85-04039E5D42F6}.Release|x86.ActiveCfg = Release|Win32
		{22969142-BBF8-4D47-8B85-04039E5D42F6}.Release|x86.Build.0 = Release|Win32
		{E7952D35-3A50-4570-9081-DCD2678458FF}.Debug|x64.ActiveCfg = Debug|x64
		{E7952D35-3A50-4570-9081-DCD2678458FF}.Debug|x64.Build.0 = Debug|x64
		{E7952D35-3A50-4570-9081-DCD2678458FF}.Debug|x86.ActiveCfg = Debug|Win32
		{E7952D35-3A50-4570-9081-DCD2678458FF}.Debug|x86.Build.0 = Debug|Win32
		{E7952D35-3A50-4570-9081-DCD2678458FF}.Release|x64.ActiveCfg = Release|x64
		{E7952D35-3A50-4570-9081-DCD2678458FF}.Release|x64.Build.0 = Release|x64
		{E7952D35-3A50-4570-9081-DCD2678458FF}.Release|x86.ActiveCfg = Release|Win32
		{E7952D35-3A50-4570-9081-DCD2678458FF}.Release|x86.Build.0 = Release|Win32
		{6578BF6E-F5F4-42A0-B3C9-4E5B7A3A0E36}.Debug|x64.ActiveCfg = Debug|x64
		{6578BF6E-F5F4-42A0-B3C9-4E5B7A3A0E36}.Debug|x64.Build.0 = Debug|x64
		{6578BF6E-F5F4-42A0-B3C9-4E5B7A3A0E36}.Debug|x86.ActiveCfg = Debug|Win32
		{6578BF6E-F5F4-42A0-B3C9-4E5B7A3A0E36}.Debug|x86.Build.0 = Debug|Win32
		{6578BF6E-F5F4-42A0-B3C9-4E5B7A3A0E36}.Release|x64.ActiveCfg = Release|x64
		{6578BF6E-F5F4-42A0-B3C9-4E5B7A3A0E36}.Release|x64.Build.0 = Release|x64
		{6578BF6E-F5F4-42A0-B3C9-4E5B7A3A0E36}.Release|x86.ActiveCfg = Release|Win32
		{6578BF6E-F5F4-42A0-B3C9-4E5B7A3A0E36}.Release|x86.Build.0 = Release|Win32
		{9E4EE6E1-E2C2-46BC-82A0-C71209FDC4B3}.Debug|x64.ActiveCfg = Debug|x64
		{9E4EE6E1-E2C2-46BC-82A0-C71209FDC4B3}.Debug|x64.Build.0 = Debug|x64
		{9E4EE6E1-E2C2-46BC-82A0-C71209FDC4B3}.Debug|x86.ActiveCfg = Debug|Win32
		{9E4EE6E1-E2C2-46BC-82A0-C71209FDC4B3}.Debug|x86.Build.0 = Debug|Win32
		{9E4EE6E1-E2C2-46BC-82A0-C71209FDC4B3}.Release|x64.ActiveCfg = Release|x64
		{9E4EE6E1-E2C2-46BC-82A0-C71209FDC4B3}.Release|x64.Build.0 = Release|x64
		{9E4EE6E1-E2C2-46BC-82A0-C71209FDC4B3}.Release|x86.ActiveCfg = Release|Win32
		{9E4EE6E1-E2C2-46BC-82A0-C71209FDC4B3}.Release|x86.Build.0 = Release|Win32
		{A8259394-654E-4163-A153-AE1918E7E036}.Debug|x64.ActiveCfg = Debug|x64
		{A8259394-654E-4163-A153-AE1918E7E036}.Debug|x64.Build.0 = Debug|x64
		{A8259394-654E-4163-A153-AE1918E7E036}.Debug|x86.ActiveCfg = Debug|Win32
		{A8259394-654E-4163-A153-AE1918E7E036}.Debug|x86.Build.0 = Debug|Win32
		{A8259394-654E-4163-A153-AE1918E7E036}.Release|x64.ActiveCfg = Release|x64
		{A8259394-654E-4163-A153-AE1918E7E036}.Release|x64.Build.0 = Release|x64
		{A8259394-654E-4163-A153-AE1918E7E036}.Release|x86.ActiveCfg = Release|Win32
		{A8259394-654E-4163-A153-AE1918E7E036}.Release|x86.Build.0 = Release|Win32
		{6801945A-ABDC-4D6D-855A-20F8EE91ABCE}.Debug|x64.ActiveCfg = Debug|x64
		{6801945A-ABDC-4D6D-855A-20F8EE91ABCE}.Debug|x64.Build.0 = Debug|x64
		{6801945A-ABDC-4D6D-855A-20F8EE91ABCE}.Debug|x86.ActiveCfg = Debug|Win32
		{6801945A-ABDC-4D6D-855A-20F8EE91ABCE}.Debug|x86.Build.0 = Debug|Win32
		{6801945A-ABDC-4D6D-855A-20F8EE91ABCE}.Release|x64.ActiveCfg = Release|x64
		{6801945A-ABDC-4D6D-855A-20F8EE91ABCE}.Release|x64.Build.0 = Release|x64
		{6801945A-ABDC-4D6D-855A-20F8EE91ABCE}.Release|x86.ActiveCfg = Release|Win32
		{6801945A-ABDC-4D6D-855A-20F8EE91ABCE}.Release|x86.Build.0 = Release|Win32
		{AA261910-7D56-4337-B598-0391E89FD83E}.Debug|x64.ActiveCfg = Debug|x64
		{AA261910-7D56-4337-B598-0391E89FD83E}.Debug|x64.Build.0 = Debug|x64
		{AA261910-7D56-4337-B598-0391E89FD83E}.Debug|x86.ActiveCfg = Debug|Win32
		{AA261910-7D56-4337-B598-0391E89FD83E}.Debug|x86.Build.0 = Debug|Win32
		{AA261910-7D56-4337-B598-0391E89FD83E}.Release|x64.ActiveCfg = Release|x64
		{AA261910-7D56-4337-B598-0391E89FD83E}.Release|x64.Build.0 = Release|x64
		{AA261910-7D56-4337-B598-0391E89FD83E}.Release|x86.ActiveCfg = Release|Win32
		{AA261910-7D56-4337-B598-0391E89FD83E}.Release|x86.Build.0 = Release|Win32
		{5EE7E898-17D3-4E01-957C-64AE1795460E}.Debug|x64.ActiveCfg = Debug|x64
		{5EE7E898-17D3-4E01-957C-64AE1795460E}.Debug|x64.Build.0 = Debug|x64
		{5EE7E898-17D3-4E01-957C-64AE1795460E}.Debug|x86.ActiveCfg = Debug|Win32
		{5EE7E898-17D3-4E01-957C-64AE1795460E}.Debug|x86.Build.0 = Debug|Win32
		{5EE7E898-17D3-4E01-957C-64AE1795460E}.Release|x64.ActiveCfg = Release|x64
		{5EE7E898-17D3-4E01-957C-64AE1795460E}.Release|x64.Build.0 = Release|x64
		{5EE7E898-17D3-4E01-957C-64AE1795460E}.Release|x86.ActiveCfg = Release|Win32
		{5EE7E898-17D3-4E01-957C-64AE1795460E}.Release|x86.Build.0 = Release|Win32
		{9EC74D3F-E6AE-4B85-A46D-27436091CF5B}.Debug|x64.ActiveCfg = Debug|x64
		{9EC74D3F-E6AE-4B85-A46D-27436091CF5B}.Debug|x64.Build.0 = Debug|x64
		{9EC74D3F-E6AE-4B85-A46D-27436091CF5B}.Debug|x86.ActiveCfg = Debug|Win32
		{9EC74D3F-E6AE-4B85-A46D-27436091CF5B}.Debug|x86.Build.0 = Debug|Win32
		{9EC74D3F-E6AE-4B85-A46D-27436091CF5B}.Release|x64.ActiveCfg = Release|x64
		{9EC74D3F-E6AE-4B85-A46D-27436091CF5B}.Release|x64.Build.0 = Release|x64
		{9EC74D3F-E6AE-4B85-A46D-27436091CF5B}.Release|x86.ActiveCfg = Release|Win32
		{9EC74D3F-E6AE-4B85-A46D-27436091CF5B}.Release|x86.Build.0 = Release|Win32
		{A94074A8-5123-4E3B-87FD-AB12E103F6D5}.Debug|x64.ActiveCfg = Debug|x64
		{A94074A8-5123-4E3B-87FD-AB12E103F6D5}.Debug|x64.Build.0 = Debug|x64
		{A94074A8-5123-4E3B-87FD-AB12E103F6D5}.Debug|x86.ActiveCfg = Debug|Win32
		{A94074A8-5123-4E3B-87FD-AB12E103F6D5}.Debug|x86.Build.0 = Debug|Win32
		{A94074A8-5123-4E3B-87FD-AB12E103F6D5}.Release|x64.ActiveCfg = Release|x64
		{A94074A8-5123-4E3B-87FD-AB12E103F6D5}.Release|x64.Build.0 = Release|x64
		{A94074A8-5123-4E3B-87FD-AB12E103F6D5}.Release|x86.ActiveCfg = Release|Win32
		{A94074A8-5123-4E3B-87FD-AB12E103F6D5}.Release|x86.Build.0 = Release|Win32
		{F1D5B75B-76E5-449D-A872-9C0AFAFFC47B}.Debug|x64.ActiveCfg = Debug|x64
		{F1D5B75B-76E5-449D-A872-9C0AFAFFC47B}.Debug|x64.Build.0 = Debug|x64
		{F1D5B75B-76E5-449D-A872-9C0AFAFFC47B}.Debug|x86.ActiveCfg = Debug|Win32
		{F1D5B75B-76E5-449D-A872-9C0AFAFFC47B}.Debug|x86.Build.0 = Debug|Win32
		{F1D5B75B-76E5-449D-A872-9C0AFAFFC47B}.Release|x64.ActiveCfg = Release|x64
		{F1D5B75B-76E5-449D-A872-9C0AFAFFC47B}.Release|x64.Build.0 = Release|x64
		{F1D5B75B-76E5-449D-A872-9C0AFAFFC47B}.Release|x86.ActiveCfg = Release|Win32
		{F1D5B75B-76E5-449D-A872-9C0AFAFFC47B}.Release|x86.Build.0 = Release|Win32
		{582F914A-4ABE-413E-BB50-EFC7D7EFFF6D}.Debug|x64.ActiveCfg = Debug|x64
		{582F914A-4ABE-413E-BB50-EFC7D7EFFF6D}.Debug|x64.Build.0 = Debug|x64
		{582F914A-4ABE-413E-BB50-EFC7D7EFFF6D}.Debug|x86.ActiveCfg = Debug|Win32
		{582F914A-4ABE-413E-BB50-EFC7D7EFFF6D}.Debug|x86.Build.0 = Debug|Win32
		{582F914A-4ABE-413E-BB50-EFC7D7EFFF6D}.Release|x64.ActiveCfg = Release|x64
		{582F914A-4ABE-413E-BB50-EFC7D7EFFF6D}.Release|x64.Build.0 = Release|x64
		{582F914A-4ABE-413E-BB50-EFC7D7EFFF6D}.Release|x86.ActiveCfg = Release|Win32
		{582F914A-4ABE-413E-BB50-EFC7D7EFFF6D}.Release|x86.Build.0 = Release|Win32
		{FF473D80-0609-4E9C-A46C-5DA5AD21C503}.Debug|x64.ActiveCfg = Debug|x64
		{FF473D80-0609-4E9C-A46C-5DA5AD21C503}.Debug|x64.Build.0 = Debug|x64
		{FF473D80-0609-4E9C-A46C-5DA5AD21C503}.Debug|x86.ActiveCfg = Debug|Win32
		{FF473D80-0609-4E9C-A46C-5DA5AD21C503}.Debug|x86.Build.0 = Debug|Win32
		{FF473D80-0609-4E9C-A46C-5DA5AD21C503}.Release|x64.ActiveCfg = Release|x64
		{FF473D80-0609-4E9C-A46C-5DA5AD21C503}.Release|x64.Build.0 = Release|x64
		{FF473D80-0609-4E9C-A46C-5DA5AD21C503}.Release|x86.ActiveCfg = Release|Win32
		{FF473D80-0609-4E9C-A46C-5DA5AD21C503}.Release|x86.Build.0 = Release|Win32
		{FB72F724-B674-4AF5-A7B5-B4923E9FFCAC}.Debug|x64.ActiveCfg = Debug|x64
		{FB72F724-B674-4AF5-A7B5-B4923E9FFCAC}.Debug|x64.Build.0 = Debug|x64
		{FB72F724-B674-4AF5-A7B5-B4923E9FFCAC}.Debug|x86.ActiveCfg = Debug|Win32
		{FB72F724-B674-4AF5-A7B5-B4923E9FFCAC}.Debug|x86.Build.0 = Debug|Win32
		{FB72F724-B674-4AF5-A7B5-B4923E9FFCAC}.Release|x64.ActiveCfg = Release|x64
		{FB72F724-B674-4AF5-A7B5-B4923E9FFCAC}.Release|x64.Build.0 = Release|x64
		{FB72F724-B674-4AF5-A7B5-B4923E9FFCAC}.Release|x86.ActiveCfg = Release|Win32
		{FB72F724-B674-4AF5-A7B5-B4923E9FFCAC}.Release|x86.Build.0 = Release|Win32
		{4E4A14F5-F39E-461C-AA72-D9747C61180A}.Debug|x64.ActiveCfg = Debug|x64
		{4E4A14F5-F39E-461C-AA72-D9747C61180A}.Debug|x64.Build.0 = Debug|x64
		{4E4A14F5-F39E-461C-AA72-D9747C61180A}.Debug|x86.ActiveCfg = Debug|Win32
		{4E4A14F5-F39E-461C-AA72-D9747C61180A}.Debug|x86.Build.0 = Debug|Win32
		{4E4A14F5-F39E-461C-AA72-D9747C61180A}.Release|x64.ActiveCfg = Release|x64
		{4E4A14F5-F39E-461C-AA72-D9747C61180A}.Release|x64.Build.0 = Release|x64
		{4E4A14F5-F39E-461C-AA72-D9747C61180A}.Release|x86.ActiveCfg = Release|Win32
		{4E4A14F5-F39E-461C-AA72-D9747C61180A}.Release|x86.Build.0 = Release|Win32
		{2EB75300-9F02-4DE1-91FE-FB76DCE64E7F}.Debug|x64.ActiveCfg = Debug|x64
		{2EB75300-9F02-4DE1-91FE-FB76DCE64E7F}.Debug|x64.Build.0 = Debug|x64
		{2EB75300-9F02-4DE1-91FE-FB76DCE64E7F}.Debug|x86.ActiveCfg = Debug|Win32
		{2EB75300-9F02-4DE1-91FE-FB76DCE64E7F}.Debug|x86.Build.0 = Debug|Win32
		{2EB75300-9F02-4DE1-91FE-FB76DCE64E7F}.Release|x64.ActiveCfg = Release|x64
		{2EB75300-9F02-4DE1-91FE-FB76DCE64E7F}.Release|x64.Build.0 = Release|x64
		{2EB75300-9F02-4DE1-91FE-FB76DCE64E7F}.Release|x86.ActiveCfg = Release|Win32
		{2EB75300-9F02-4DE1-91FE-FB76DCE64E7F}.Release|x86.Build.0 = Release|Win32
		{93385BCA-1D02-4D33-AEA5-2F8BBAB76450}.Debug|x64.ActiveCfg = Debug|x64
		{93385BCA-1D02-4D33-AEA5-2F8BBAB76450}.Debug|x64.Build.0 = Debug|x64
		{93385BCA-1D02-4D33-AEA5-2F8BBAB76450}.Debug|x86.ActiveCfg = Debug|Win32
		{93385BCA-1D02-4D33-AEA5-2F8BBAB76450}.Debug|x86.Build.0 = Debug|Win32
		{93385BCA-1D02-4D33-AEA5-2F8BBAB76450}.Release|x64.ActiveCfg = Release|x64
		{93385BCA-1D02-4D33-AEA5-2F8BBAB76450}.Release|x64.Build.0 = Release|x64
		{93385BCA-1D02-4D33-AEA5-2F8BBAB76450}.Release|x86.ActiveCfg = Release|Win32
		{93385BCA-1D02-4D33-AEA5-2F8BBAB76450}.Release|x86.Build.0 = Release|Win32
		{166A23AD-819A-4508-866C-3733914AFFAC}.Debug|x64.ActiveCfg = Debug|x64
		{166A23AD-819A-4508-866C-3733914AFFAC}.Debug|x64.Build.0 = Debug|x64
		{166A23AD-819A-4508-866C-3733914AFFAC}.Debug|x86.ActiveCfg = Debug|Win32
		{166A23AD-819A-4508-866C-3733914AFFAC}.Debug|x86.Build.0 = Debug|Win32
		{166A23AD-819A-4508-866C-3733914AFFAC}.Release|x64.ActiveCfg = Release|x64
		{166A23AD-819A-4508-866C-3733914AFFAC}.Release|x64.Build.0 = Release|x64
		{166A23AD-819A-4508-866C-3733914AFFAC}.Release|x86.ActiveCfg = Release|Win32
		{166A23AD-819A-4508-866C-3733914AFFAC}.Release|x86.Build.0 = Release|Win32
		{34D1757B-2868-4FC5-A6CE-B52E62B8E30A}.Debug|x64.ActiveCfg = Debug|x64
		{34D1757B-2868-4FC5-A6CE-B52E62B8E30A}.Debug|x64.Build.0 = Debug|x64
		{34D1757B-2868-4FC5-A6CE-B52E62B8E30A}.Debug|x86.ActiveCfg = Debug|Win32
		{34D1757B-2868-4FC5-A6CE-B52E62B8E30A}.Debug|x86.Build.0 = Debug|Win32
		{34D1757B-2868-4FC5-A6CE-B52E62B8E30A}.Release|x64.ActiveCfg = Release|x64
		{34D1757B-2868-4FC5-A6CE-B52E62B8E30A}.Release|x64.Build.0 = Release|x64
		{34D1757B-2868-4FC5-A6CE-B52E62B8E30A}.Release|x86.ActiveCfg = Release|Win32
		{34D1757B-2868-4FC5-A6CE-B52E62B8E30A}.Release|x86.Build.0 = Release|Win32
		{04B0CF10-E335-4C1D-8268-89B504EA990B}.Debug|x64.ActiveCfg = Debug|x64
		{04B0CF10-E335-4C1D-8268-89B504EA990B}.Debug|x64.Build.0 = Debug|x64
		{04B0CF10-E335-4C1D-8268-89B504EA990B}.Debug|x86.ActiveCfg = Debug|Win32
		{04B0CF10-E335-4C1D-8268-89B504EA990B}.Debug|x86.Build.0 = Debug|Win32
		{04B0CF10-E335-4C1D-8268-89B504EA990B}.Release|x64.ActiveCfg = Release|x64
		{04B0CF10-E335-4C1D-8268-89B504EA990B}.Release|x64.Build.0 = Release|x64
		{04B0CF10-E335-4C1D-8268-89B504EA990B}.Release|x86.ActiveCfg = Release|Win32
		{04B0CF10-E335-4C1D-8268-89B504EA990B}.Release|x86.Build.0 = Release|Win32
		{02E90420-4EDF-409A-9F11-8C61E369001B}.Debug|x64.ActiveCfg = Debug|x64
		{02E90420-4EDF-409A-9F11-8C61E369001B}.Debug|x64.Build.0 = Debug|x64
		{02E90420-4EDF-409A-9F11-8C61E369001B}.Debug|x86.ActiveCfg = Debug|Win32
		{02E90420-4EDF-409A-9F11-8C61E369001B}.Debug|x86.Build.0 = Debug|Win32
		{02E90420-4EDF-409A-9F11-8C61E369001B}.Release|x64.ActiveCfg = Release|x64
		{02E90420-4EDF-409A-9F11-8C61E369001B}.Release|x64.Build.0 = Release|x64
		{02E90420-4EDF-409A-9F11-8C61E369001B}.Release|x86.ActiveCfg = Release|Win32
		{02E90420-4EDF-409A-9F11-8C61E369001B}.Release|x86.Build.0 = Release|Win32
		{E9C755D5-7B02-4ADD-A324-65C9F9F7483B}.Debug|x64.ActiveCfg = Debug|x64
		{E9C755D5-7B02-4ADD-A324-65C9F9F7483B}.Debug|x64.Build.0 = Debug|x64
		{E9C755D5-7B02-4ADD-A324-65C9F9F7483B}.Debug|x86.ActiveCfg = Debug|Win32
		{E9C755D5-7B02-4ADD-A324-65C9F9F7483B}.Debug|x86.Build.0 = Debug|Win32
		{E9C755D5-7B02-4ADD-A324-65C9F9F7483B}.Release|x64.ActiveCfg = Release|x64
		{E9C755D5-7B02-4ADD-A324-65C9F9F7483B}.Release|x64.Build.0 = Release|x64
		{E9C755D5-7B02-4ADD-A324-65C9F9F7483B}.Release|x86.ActiveCfg = Release|Win32
		{E9C755D5-7B02-4ADD-A324-65C9F9F7483B}.Release|x86.Build.0 = Release|Win32
		{08D8E9DA-BCF9-4EEE-A86A-AC53A816E7FE}.Debug|x64.ActiveCfg = Debug|x64
		{08D8E9DA-BCF9-4EEE-A86A-AC53A816E7FE}.Debug|x64.Build.0 = Debug|x64
		{08D8E9DA-BCF9-4EEE-A86A-AC53A816E7FE}.Debug|x86.ActiveCfg = Debug|Win32
		{08D8E9DA-BCF9-4EEE-A86A-AC53A816E7FE}.Debug|x86.Build.0 = Debug|Win32
		{08D8E9DA-BCF9-4EEE-A86A-AC53A816E7FE}.Release|x64.ActiveCfg = Release|x64
		{08D8E9DA-BCF9-4EEE-A86A-AC53A816E7FE}.Release|x64.Build.0 = Release|x64
		{08D8E9DA-BCF9-4EEE-A86A-AC53A816E7FE}.Release|x86.ActiveCfg = Release|Win32
		{08D8E9DA-BCF9-4EEE-A86A-AC53A816E7FE}.Release|x86.Build.0 = Release|Win32
		{643E8EBA-BC90-4FBB-91B6-A9BB838AE32A}.Debug|x64.ActiveCfg = Debug|x64
		{643E8EBA-BC90-4FBB-91B6-A9BB838AE32A}.Debug|x64.Build.0 = Debug|x64
		{643E8EBA-BC90-4FBB-91B6-A9BB838AE32A}.Debug|x86.ActiveCfg = Debug|Win32
		{643E8EBA-BC90-4FBB-91B6-A9BB838AE32A}.Debug|x86.Build.0 = Debug|Win32
		{643E8EBA-BC90-4FBB-91B6-A9BB838AE32A}.Release|x64.ActiveCfg = Release|x64
		{643E8EBA-BC90-4FBB-91B6-A9BB838AE32A}.Release|x64.Build.0 = Release|x64
		{643E8EBA-BC90-4FBB-91B6-A9BB838AE32A}.Release|x86.ActiveCfg = Release|Win32
		{643E8EBA-BC90-4FBB-91B6-A9BB838AE32A}.Release|x86.Build.0 = Release|Win32
		{FC42BC90-A62F-414B-BAB5-2270E946F29D}.Debug|x64.ActiveCfg = Debug|x64
		{FC42BC90-A62F-414B-BAB5-2270E946F29D}.Debug|x64.Build.0 = Debug|x64
		{FC42BC90-A62F-414B-BAB5-2270E946F29D}.Debug|x86.ActiveCfg = Debug|Win32
		{FC42BC90-A62F-414B-BAB5-2270E946F29D}.Debug|x86.Build.0 = Debug|Win32
		{FC42BC90-A62F-414B-BAB5-2270E946F29D}.Release|x64.ActiveCfg = Release|x64
		{FC42BC90-A62F-414B-BAB5-2270E946F29D}.Release|x64.Build.0 = Release|x64
		{FC42BC90-A62F-414B-BAB5-2270E946F29D}.Release|x86.ActiveCfg = Release|Win32
		{FC42BC90-A62F-414B-BAB5-2270E946F29D}.Release|x86.Build.0 = Release|Win32
		{827AC892-A073-4966-9C48-D335265A243E}.Debug|x64.ActiveCfg = Debug|x64
		{827AC892-A073-4966-9C48-D335265A243E}.Debug|x64.Build.0 = Debug|x64
		{827AC892-A073-4966-9C48-D335265A243E}.Debug|x86.ActiveCfg = Debug|Win32
		{827AC892-A073-4966-9C48-D335265A243E}.Debug|x86.Build.0 = Debug|Win32
		{827AC892-A073-4966-9C48-D335265A243E}.Release|x64.ActiveCfg = Release|x64
		{827AC892-A073-4966-9C48-D335265A243E}.Release|x64.Build.0 = Release|x64
		{827AC892-A073-4966-9C48-D335265A243E}.Release|x86.ActiveCfg = Release|Win32
		{827AC892-A073-4966-9C48-D335265A243E}.Release|x86.Build.0 = Release|Win32
		{A9FE01BF-AF1F-461F-B33A-359F2AB8C1F5}.Debug|x64.ActiveCfg = Debug|x64
		{A9FE01BF-AF1F-461F-B33A-359F2AB8C1F5}.Debug|x64.Build.0 = Debug|x64
		{A9FE01BF-AF1F-461F-B33A-359F2AB8C1F5}.Debug|x86.ActiveCfg = Debug|Win32
		{A9FE01BF-AF1F-461F-B33A-359F2AB8C1F5}.Debug|x86.Build.0 = Debug|Win32
		{A9FE01BF-AF1F-461F-B33A-359F2AB8C1F5}.Release|x64.ActiveCfg = Release|x64
		{A9FE01BF-AF1F-461F-B33A-359F2AB8C1F5}.Release|x64.Build.0 = Release|x64
		{A9FE01BF-AF1F-461F-B33A-359F2AB8C1F5}.Release|x86.ActiveCfg = Release|Win32
		{A9FE01BF-AF1F-461F-B33A-359F2AB8C1F5}.Release|x86.Build.0 = Release|Win32
		{BDE77392-4712-4418-A6B6-478CCFE6367F}.Debug|x64.ActiveCfg = Debug|x64
		{BDE77392-4712-4418-A6B6-478CCFE6367F}.Debug|x64.Build.0 = Debug|x64
		{BDE77392-4712-4418-A6B6-478CCFE6367F}.Debug|x86.ActiveCfg = Debug|Win32
		{BDE77392-4712-4418-A6B6-478CCFE6367F}.Debug|x86.Build.0 = Debug|Win32
		{BDE77392-4712-4418-A6B6-478CCFE6367F}.Release|x64.ActiveCfg = Release|x64
		{BDE77392-4712-4418-A6B6-478CCFE6367F}.Release|x64.Build.0 = Release|x64
		{BDE77392-4712-4418-A6B6-478CCFE6367F}.Release|x86.ActiveCfg = Release|Win32
		{BDE77392-4712-4418-A6B6-478CCFE6367F}.Release|x86.Build.0 = Release|Win32
		{C0A08D96-B47A-4966-9BF0-3B990A1479F9}.Debug|x64.ActiveCfg = Debug|x64
		{C0A08D96-B47A-4966-9BF0-3B990A1479F9}.Debug|x64.Build.0 = Debug|x64
		{C0A08D96-B47A-4966-9BF0-3B990A1479F9}.Debug|x86.ActiveCfg = Debug|Win32
		{C0A08D96-B47A-4966-9BF0-3B990A1479F9}.Debug|x86.Build.0 = Debug|Win32
		{C0A08D96-B47A-4966-9BF0-3B990A1479F9}.Release|x64.ActiveCfg = Release|x64
		{C0A08D96-B47A-4966-9BF0-3B990A1479F9}.Release|x64.Build.0 = Release|x64
		{C0A08D96-B47A-4966-9BF0-3B990A1479F9}.Release|x86.ActiveCfg = Release|Win32
		{C0A08D96-B47A-4966-9BF0-3B990A1479F9}.Release|x86.Build.0 = Release|Win32
		{02322DF5-D0D0-4843-BD11-A565D8875406}.Debug|x64.ActiveCfg = Debug|x64
		{02322DF5-D0D0-4843-BD11-A565D8875406}.Debug|x64.Build.0 = Debug|x64
		{02322DF5-D0D0-4843-BD11-A565D8875406}.Debug|x86.ActiveCfg = Debug|Win32
		{02322DF5-D0D0-4843-BD11-A565D8875406}.Debug|x86.Build.0 = Debug|Win32
		{02322DF5-D0D0-4843-BD11-A565D8875406}.Release|x64.ActiveCfg = Release|x64
		{02322DF5-D0D0-4843-BD11-A565D8875406}.Release|x64.Build.0 = Release|x64
		{02322DF5-D0D0-4843-BD11-A565D8875406}.Release|x86.ActiveCfg = Release|Win32
		{02322DF5-D0D0-4843-BD11-A565D8875406}.Release|x86.Build.0 = Release|Win32
		{2BF27AB1-D38E-437B-B3F6-70F52A100302}.Debug|x64.ActiveCfg = Debug|x64
		{2BF27AB1-D38E-437B-B3F6-70F52A100302}.Debug|x64.Build.0 = Debug|x64
		{2BF27AB1-D38E-437B-B3F6-70F52A100302}.Debug|x86.ActiveCfg = Debug|Win32
		{2BF27AB1-D38E-437B-B3F6-70F52A100302}.Debug|x86.Build.0 = Debug|Win32
		{2BF27AB1-D38E-437B-B3F6-70F52A100302}.Release|x64.ActiveCfg = Release|x64
		{2BF27AB1-D38E-437B-B3F6-70F52A100302}.Release|x64.Build.0 = Release|x64
		{2BF27AB1-D38E-437B-B3F6-70F52A100302}.Release|x86.ActiveCfg = Release|Win32
		{2BF27AB1-D38E-437B-B3F6-70F52A100302}.Release|x86.Build.0 = Release|Win32
		{99BAE7C1-BC1F-47D4-9FFB-C45BC708C0DB}.Debug|x64.ActiveCfg = Debug|x64
		{99BAE7C1-BC1F-47D4-9FFB-C45BC708C0DB}.Debug|x64.Build.0 = Debug|x64
		{99BAE7C1-BC1F-47D4-9FFB-C45BC708C0DB}.Debug|x86.ActiveCfg = Debug|Win32
		{99BAE7C1-BC1F-47D4-9FFB-C45BC708C0DB}.Debug|x86.Build.0 = Debug|Win32
		{99BAE7C1-BC1F-47D4-9FFB-C45BC708C0DB}.Release|x64.ActiveCfg = Release|x64
		{99BAE7C1-BC1F-47D4-9FFB-C45BC708C0DB}.Release|x64.Build.0 = Release|x64
		{99BAE7C1-BC1F-47D4-9FFB-C45BC708C0DB}.Release|x86.ActiveCfg = Release|Win32
		{99BAE7C1-BC1F-47D4-9FFB-C45BC708C0DB}.Release|x86.Build.0 = Release|Win32
		{27D241E8-B52D-4BE3-BFA5-74F8DBB0769B}.Debug|x64.ActiveCfg = Debug|x64
		{27D241E8-B52D-4BE3-BFA5-74F8DBB0769B}.Debug|x64.Build.0 = Debug|x64
		{27D241E8-B52D-4BE3-BFA5-74F8DBB0769B}.Debug|x86.ActiveCfg = Debug|Win32
		{27D241E8-B52D-4BE3-BFA5-74F8DBB0769B}.Debug|x86.Build.0 = Debug|Win32
		{27D241E8-B52D-4BE3-BFA5-74F8DBB0769B}.Release|x64.ActiveCfg = Release|x64
		{27D241E8-B52D-4BE3-BFA5-74F8DBB0769B}.Release|x64.Build.0 = Release|x64
		{27D241E8-B52D-4BE3-BFA5-74F8DBB0769B}.Release|x86.ActiveCfg = Release|Win32
		{27D241E8-B52D-4BE3-BFA5-74F8DBB0769B}.Release|x86.Build.0 = Release|Win32
		{8CDF62AD-488E-4C4B-A618-675F6C086F48}.Debug|x64.ActiveCfg = Debug|x64
		{8CDF62AD-488E-4C4B-A618-675F6C086F48}.Debug|x64.Build.0 = Debug|x64
		{8CDF62AD-488E-4C4B-A618-675F6C086F48}.Debug|x86.ActiveCfg = Debug|Win32
		{8CDF62AD-488E-4C4B-A618-675F6C086F48}.Debug|x86.Build.0 = Debug|Win32
		{8CDF62AD-488E-4C4B-A618-675F6C086F48}.Release|x64.ActiveCfg = Release|x64
		{8CDF62AD-488E-4C4B-A618-675F6C086F48}.Release|x64.Build.0 = Release|x64
		{8CDF62AD-488E-4C4B-A618-675F6C086F48}.Release|x86.ActiveCfg = Release|Win32
		{8CDF62AD-488E-4C4B-A618-675F6C086F48}.Release|x86.Build.0 = Release|Win32
		{237E0B7D-411D-4836-9B95-FA7AA7A19975}.Debug|x64.ActiveCfg = Debug|x64
		{237E0B7D-411D-4836-9B95-FA7AA7A19975}.Debug|x64.Build.0 = Debug|x64
		{237E0B7D-411D-4836-9B95-FA7AA7A19975}.Debug|x86.ActiveCfg = Debug|Win32
		{237E0B7D-411D-4836-9B95-FA7AA7A19975}.Debug|x86.Build.0 = Debug|Win32
		{237E0B7D-411D-4836-9B95-FA7AA7A19975}.Release|x64.ActiveCfg = Release|x64
		{237E0B7D-411D-4836-9B95-FA7AA7A19975}.Release|x64.Build.0 = Release|x64
		{237E0B7D-411D-4836-9B95-FA7AA7A19975}.Release|x86.ActiveCfg = Release|Win32
		{237E0B7D-411D-4836-9B95-FA7AA7A19975}.Release|x86.Build.0 = Release|Win32
		{857206B9-5EC9-48EF-B3B8-45A3688278A0}.Debug|x64.ActiveCfg = Debug|x64
		{857206B9-5EC9-48EF-B3B8-45A3688278A0}.Debug|x64.Build.0 = Debug|x64
		{857206B9-5EC9-48EF-B3B8-45A3688278A0}.Debug|x86.ActiveCfg = Debug|Win32
		{857206B9-5EC9-48EF-B3B8-45A3688278A0}.Debug|x86.Build.0 = Debug|Win32
		{857206B9-5EC9-48EF-B3B8-45A3688278A0}.Release|x64.ActiveCfg = Release|x64
		{857206B9-5EC9-48EF-B3B8-45A3688278A0}.Release|x64.Build.0 = Release|x64
		{857206B9-5EC9-48EF-B3B8-45A3688278A0}.Release|x86.ActiveCfg = Release|Win32
		{857206B9-5EC9-48EF-B3B8-45A3688278A0}.Release|x86.Build.0 = Release|Win32
		{E5CD18F3-08EB-4A64-9786-22B16C9ED1CB}.Debug|x64.ActiveCfg = Debug|x64
		{E5CD18F3-08EB-4A64-9786-22B16C9ED1CB}.Debug|x64.Build.0 = Debug|x64
		{E5CD18F3-08EB-4A64-9786-22B16C9ED1CB}.Debug|x86.ActiveCfg = Debug|Win32
		{E5CD18F3-08EB-4A64-9786-22B16C9ED1CB}.Debug|x86.Build.0 = Debug|Win32
		{E5CD18F3-08EB-4A64-9786-22B16C9ED1CB}.Release|x64.ActiveCfg = Release|x64
		{E5CD18F3-08EB-4A64-9786-22B16C9ED1CB}.Release|x64.Build.0 = Release|x64
		{E5CD18F3-08EB-4A64-9786-22B16C9ED1CB}.Release|x86.ActiveCfg = Release|Win32
		{E5CD18F3-08EB-4A64-9786-22B16C9ED1CB}.Release|x86.Build.0 = Release|Win32
		{7D4EDB6F-33ED-4570-823D-54D3340069FC}.Debug|x64.ActiveCfg = Debug|x64
		{7D4EDB6F-33ED-4570-823D-54D3340069FC}.Debug|x64.Build.0 = Debug|x64
		{7D4EDB6F-33ED-4570-823D-54D3340069FC}.Debug|x86.ActiveCfg = Debug|Win32
		{7D4EDB6F-33ED-4570-823D-54D3340069FC}.Debug|x86.Build.0 = Debug|Win32
		{7D4EDB6F-33ED-4570-823D-54D3340069FC}.Release|x64.ActiveCfg = Release|x64
		{7D4EDB6F-33ED-4570-823D-54D3340069FC}.Release|x64.Build.0 = Release|x64
		{7D4EDB6F-33ED-4570-823D-54D3340069FC}.Release|x86.ActiveCfg = Release|Win32
		{7D4EDB6F-33ED-4570-823D-54D3340069FC}.Release|x86.Build.0 = Release|Win32
		{2F9E9701-AC30-4DBE-AE74-7CC87090E23B}.Debug|x64.ActiveCfg = Debug|x64
		{2F9E9701-AC30-4DBE-AE74-7CC87090E23B}.Debug|x64.Build.0 = Debug|x64
		{2F9E9701-AC30-4DBE-AE74-7CC87090E23B}.Debug|x86.ActiveCfg = Debug|Win32
		{2F9E9701-AC30-4DBE-AE74-7CC87090E23B}.Debug|x86.Build.0 = Debug|Win32
		{2F9E9701-AC30-4DBE-AE74-7CC87090E23B}.Release|x64.ActiveCfg = Release|x64
		{2F9E9701-AC30-4DBE-AE74-7CC87090E23B}.Release|x64.Build.0 = Release|x64
		{2F9E9701-AC30-4DBE-AE74-7CC87090E23B}.Release|x86.ActiveCfg = Release|Win32
		{2F9E9701-AC30-4DBE-AE74-7CC87090E23B}.Release|x86.Build.0 = Release|Win32
	EndGlobalSection
	GlobalSection(SolutionProperties) = preSolution
		HideSolutionNode = FALSE
	EndGlobalSection
	GlobalSection(ExtensibilityGlobals) = postSolution
		SolutionGuid = {B6D5FE84-B10A-479E-B7AD-16E9D813DD4A}
	EndGlobalSection
EndGlobal
