
Microsoft Visual Studio Solution File, Format Version 12.00
# Visual Studio Version 17
VisualStudioVersion = 17.11.35327.3
MinimumVisualStudioVersion = 10.0.40219.1
Project("{8BC9CEB8-8B4A-11D0-8D11-00A0C91BC942}") = "Exercise01", "Exercise01\Exercise01.vcxproj", "{A4175DD9-3A25-493B-A8DD-CEDB8F7DB2FC}"
EndProject
Project("{8BC9CEB8-8B4A-11D0-8D11-00A0C91BC942}") = "Exercise02", "Exercise02\Exercise02.vcxproj", "{523D7BC6-42AF-4F5E-8573-A816C34135ED}"
EndProject
Global
	GlobalSection(SolutionConfigurationPlatforms) = preSolution
		Debug|x64 = Debug|x64
		Debug|x86 = Debug|x86
		Release|x64 = Release|x64
		Release|x86 = Release|x86
	EndGlobalSection
	GlobalSection(ProjectConfigurationPlatforms) = postSolution
		{A4175DD9-3A25-493B-A8DD-CEDB8F7DB2FC}.Debug|x64.ActiveCfg = Debug|x64
		{A4175DD9-3A25-493B-A8DD-CEDB8F7DB2FC}.Debug|x64.Build.0 = Debug|x64
		{A4175DD9-3A25-493B-A8DD-CEDB8F7DB2FC}.Debug|x86.ActiveCfg = Debug|Win32
		{A4175DD9-3A25-493B-A8DD-CEDB8F7DB2FC}.Debug|x86.Build.0 = Debug|Win32
		{A4175DD9-3A25-493B-A8DD-CEDB8F7DB2FC}.Release|x64.ActiveCfg = Release|x64
		{A4175DD9-3A25-493B-A8DD-CEDB8F7DB2FC}.Release|x64.Build.0 = Release|x64
		{A4175DD9-3A25-493B-A8DD-CEDB8F7DB2FC}.Release|x86.ActiveCfg = Release|Win32
		{A4175DD9-3A25-493B-A8DD-CEDB8F7DB2FC}.Release|x86.Build.0 = Release|Win32
		{523D7BC6-42AF-4F5E-8573-A816C34135ED}.Debug|x64.ActiveCfg = Debug|x64
		{523D7BC6-42AF-4F5E-8573-A816C34135ED}.Debug|x64.Build.0 = Debug|x64
		{523D7BC6-42AF-4F5E-8573-A816C34135ED}.Debug|x86.ActiveCfg = Debug|Win32
		{523D7BC6-42AF-4F5E-8573-A816C34135ED}.Debug|x86.Build.0 = Debug|Win32
		{523D7BC6-42AF-4F5E-8573-A816C34135ED}.Release|x64.ActiveCfg = Release|x64
		{523D7BC6-42AF-4F5E-8573-A816C34135ED}.Release|x64.Build.0 = Release|x64
		{523D7BC6-42AF-4F5E-8573-A816C34135ED}.Release|x86.ActiveCfg = Release|Win32
		{523D7BC6-42AF-4F5E-8573-A816C34135ED}.Release|x86.Build.0 = Release|Win32
	EndGlobalSection
	GlobalSection(SolutionProperties) = preSolution
		HideSolutionNode = FALSE
	EndGlobalSection
	GlobalSection(ExtensibilityGlobals) = postSolution
		SolutionGuid = {C23DB875-0F6E-4705-A9F7-D619B65CC880}
	EndGlobalSection
EndGlobal
