
Microsoft Visual Studio Solution File, Format Version 12.00
# Visual Studio Version 17
VisualStudioVersion = 17.11.35327.3
MinimumVisualStudioVersion = 10.0.40219.1
Project("{8BC9CEB8-8B4A-11D0-8D11-00A0C91BC942}") = "Exercise01", "Exercise01\Exercise01.vcxproj", "{4882D05D-8B77-4DCB-97B1-4E4C79221AE6}"
EndProject
Project("{8BC9CEB8-8B4A-11D0-8D11-00A0C91BC942}") = "Exercise02", "Exercise02\Exercise02.vcxproj", "{9C35FC1C-3887-45C4-9AF2-AD28C59D7089}"
EndProject
Project("{8BC9CEB8-8B4A-11D0-8D11-00A0C91BC942}") = "Exercise03", "Exercise03\Exercise03.vcxproj", "{BC4CF26D-F690-4B69-B2BD-F33C3E6E73EF}"
EndProject
Project("{8BC9CEB8-8B4A-11D0-8D11-00A0C91BC942}") = "Exercise04", "Exercise04\Exercise04.vcxproj", "{5A7B360D-BF5B-4D2C-AB76-72D13D54C577}"
EndProject
Project("{8BC9CEB8-8B4A-11D0-8D11-00A0C91BC942}") = "Exercise05", "Exercise05\Exercise05.vcxproj", "{E4B3E088-E855-4C37-BFAF-E57620ADEDB9}"
EndProject
Project("{8BC9CEB8-8B4A-11D0-8D11-00A0C91BC942}") = "Exercise06", "Exercise06\Exercise06.vcxproj", "{96069B94-A5DE-4954-8630-B323152F03FC}"
EndProject
Project("{8BC9CEB8-8B4A-11D0-8D11-00A0C91BC942}") = "Exercise07", "Exercise07\Exercise07.vcxproj", "{2D8CD34F-922A-48C6-993A-9E8A83207FAA}"
EndProject
Project("{8BC9CEB8-8B4A-11D0-8D11-00A0C91BC942}") = "Exercise08", "Exercise08\Exercise08.vcxproj", "{B4DFE667-B098-41B9-A9C0-2F36E7F2715F}"
EndProject
Project("{8BC9CEB8-8B4A-11D0-8D11-00A0C91BC942}") = "Exercise09", "Exercise09\Exercise09.vcxproj", "{4444A46F-3FA5-4F41-BC42-FB383780228A}"
EndProject
Project("{8BC9CEB8-8B4A-11D0-8D11-00A0C91BC942}") = "Exercise10", "Exercise10\Exercise10.vcxproj", "{34B23682-0BCB-4DF7-8242-EC5AFB643B17}"
EndProject
Project("{8BC9CEB8-8B4A-11D0-8D11-00A0C91BC942}") = "Exercise11", "Exercise11\Exercise11.vcxproj", "{7BED1FCC-C401-4208-98B9-545A93982535}"
EndProject
Project("{8BC9CEB8-8B4A-11D0-8D11-00A0C91BC942}") = "Exercise12", "Exercise12\Exercise12.vcxproj", "{81D46AF4-A0CD-4EA3-88E8-0C3D553D5383}"
EndProject
Project("{8BC9CEB8-8B4A-11D0-8D11-00A0C91BC942}") = "Exercise13", "Exercise13\Exercise13.vcxproj", "{17D8A149-7F5F-4C80-A7AA-AE7D5425E6ED}"
EndProject
Project("{8BC9CEB8-8B4A-11D0-8D11-00A0C91BC942}") = "Exercise14", "Exercise14\Exercise14.vcxproj", "{E166CAE5-65F6-472D-8117-99E754CF4EE5}"
EndProject
Project("{8BC9CEB8-8B4A-11D0-8D11-00A0C91BC942}") = "Exercise15", "Exercise15\Exercise15.vcxproj", "{1525AFE4-8343-4EFE-8C40-4956398FAE0E}"
EndProject
Project("{8BC9CEB8-8B4A-11D0-8D11-00A0C91BC942}") = "Exercise16", "Exercise16\Exercise16.vcxproj", "{8D584B20-76C5-499B-8B03-9243C378F493}"
EndProject
Project("{8BC9CEB8-8B4A-11D0-8D11-00A0C91BC942}") = "Exercise17", "Exercise17\Exercise17.vcxproj", "{069B6B14-46B1-421F-B847-3EFFC1790316}"
EndProject
Project("{8BC9CEB8-8B4A-11D0-8D11-00A0C91BC942}") = "Exercise18", "Exercise18\Exercise18.vcxproj", "{AFE10F60-221C-4415-90D9-95E85891889A}"
EndProject
Project("{8BC9CEB8-8B4A-11D0-8D11-00A0C91BC942}") = "Exercise19", "Exercise19\Exercise19.vcxproj", "{188044D4-659D-4B7E-BA4C-E2052E6A370E}"
EndProject
Project("{8BC9CEB8-8B4A-11D0-8D11-00A0C91BC942}") = "Exercise20", "Exercise20\Exercise20.vcxproj", "{3809755F-5194-4C8E-95F0-7E27D6CDDDA2}"
EndProject
Project("{8BC9CEB8-8B4A-11D0-8D11-00A0C91BC942}") = "Exercise21", "Exercise21\Exercise21.vcxproj", "{EBF9C536-B4F0-4567-8361-3507E75D1361}"
EndProject
Project("{8BC9CEB8-8B4A-11D0-8D11-00A0C91BC942}") = "Exercise22", "Exercise22\Exercise22.vcxproj", "{96CBA43F-A7C7-4E8B-A6B0-CE70B72925AD}"
EndProject
Project("{8BC9CEB8-8B4A-11D0-8D11-00A0C91BC942}") = "Exercise23", "Exercise23\Exercise23.vcxproj", "{EFA99075-F4B2-4C83-96F1-4A3D4E0F180E}"
EndProject
Project("{8BC9CEB8-8B4A-11D0-8D11-00A0C91BC942}") = "Exercise24", "Exercise24\Exercise24.vcxproj", "{9325E6DC-7349-4677-8E43-8C610F765937}"
EndProject
Project("{8BC9CEB8-8B4A-11D0-8D11-00A0C91BC942}") = "Exercise25", "Exercise25\Exercise25.vcxproj", "{F1752C25-CD4A-4398-9909-CF5A8A464FDF}"
EndProject
Global
	GlobalSection(SolutionConfigurationPlatforms) = preSolution
		Debug|x64 = Debug|x64
		Debug|x86 = Debug|x86
		Release|x64 = Release|x64
		Release|x86 = Release|x86
	EndGlobalSection
	GlobalSection(ProjectConfigurationPlatforms) = postSolution
		{4882D05D-8B77-4DCB-97B1-4E4C79221AE6}.Debug|x64.ActiveCfg = Debug|x64
		{4882D05D-8B77-4DCB-97B1-4E4C79221AE6}.Debug|x64.Build.0 = Debug|x64
		{4882D05D-8B77-4DCB-97B1-4E4C79221AE6}.Debug|x86.ActiveCfg = Debug|Win32
		{4882D05D-8B77-4DCB-97B1-4E4C79221AE6}.Debug|x86.Build.0 = Debug|Win32
		{4882D05D-8B77-4DCB-97B1-4E4C79221AE6}.Release|x64.ActiveCfg = Release|x64
		{4882D05D-8B77-4DCB-97B1-4E4C79221AE6}.Release|x64.Build.0 = Release|x64
		{4882D05D-8B77-4DCB-97B1-4E4C79221AE6}.Release|x86.ActiveCfg = Release|Win32
		{4882D05D-8B77-4DCB-97B1-4E4C79221AE6}.Release|x86.Build.0 = Release|Win32
		{9C35FC1C-3887-45C4-9AF2-AD28C59D7089}.Debug|x64.ActiveCfg = Debug|x64
		{9C35FC1C-3887-45C4-9AF2-AD28C59D7089}.Debug|x64.Build.0 = Debug|x64
		{9C35FC1C-3887-45C4-9AF2-AD28C59D7089}.Debug|x86.ActiveCfg = Debug|Win32
		{9C35FC1C-3887-45C4-9AF2-AD28C59D7089}.Debug|x86.Build.0 = Debug|Win32
		{9C35FC1C-3887-45C4-9AF2-AD28C59D7089}.Release|x64.ActiveCfg = Release|x64
		{9C35FC1C-3887-45C4-9AF2-AD28C59D7089}.Release|x64.Build.0 = Release|x64
		{9C35FC1C-3887-45C4-9AF2-AD28C59D7089}.Release|x86.ActiveCfg = Release|Win32
		{9C35FC1C-3887-45C4-9AF2-AD28C59D7089}.Release|x86.Build.0 = Release|Win32
		{BC4CF26D-F690-4B69-B2BD-F33C3E6E73EF}.Debug|x64.ActiveCfg = Debug|x64
		{BC4CF26D-F690-4B69-B2BD-F33C3E6E73EF}.Debug|x64.Build.0 = Debug|x64
		{BC4CF26D-F690-4B69-B2BD-F33C3E6E73EF}.Debug|x86.ActiveCfg = Debug|Win32
		{BC4CF26D-F690-4B69-B2BD-F33C3E6E73EF}.Debug|x86.Build.0 = Debug|Win32
		{BC4CF26D-F690-4B69-B2BD-F33C3E6E73EF}.Release|x64.ActiveCfg = Release|x64
		{BC4CF26D-F690-4B69-B2BD-F33C3E6E73EF}.Release|x64.Build.0 = Release|x64
		{BC4CF26D-F690-4B69-B2BD-F33C3E6E73EF}.Release|x86.ActiveCfg = Release|Win32
		{BC4CF26D-F690-4B69-B2BD-F33C3E6E73EF}.Release|x86.Build.0 = Release|Win32
		{5A7B360D-BF5B-4D2C-AB76-72D13D54C577}.Debug|x64.ActiveCfg = Debug|x64
		{5A7B360D-BF5B-4D2C-AB76-72D13D54C577}.Debug|x64.Build.0 = Debug|x64
		{5A7B360D-BF5B-4D2C-AB76-72D13D54C577}.Debug|x86.ActiveCfg = Debug|Win32
		{5A7B360D-BF5B-4D2C-AB76-72D13D54C577}.Debug|x86.Build.0 = Debug|Win32
		{5A7B360D-BF5B-4D2C-AB76-72D13D54C577}.Release|x64.ActiveCfg = Release|x64
		{5A7B360D-BF5B-4D2C-AB76-72D13D54C577}.Release|x64.Build.0 = Release|x64
		{5A7B360D-BF5B-4D2C-AB76-72D13D54C577}.Release|x86.ActiveCfg = Release|Win32
		{5A7B360D-BF5B-4D2C-AB76-72D13D54C577}.Release|x86.Build.0 = Release|Win32
		{E4B3E088-E855-4C37-BFAF-E57620ADEDB9}.Debug|x64.ActiveCfg = Debug|x64
		{E4B3E088-E855-4C37-BFAF-E57620ADEDB9}.Debug|x64.Build.0 = Debug|x64
		{E4B3E088-E855-4C37-BFAF-E57620ADEDB9}.Debug|x86.ActiveCfg = Debug|Win32
		{E4B3E088-E855-4C37-BFAF-E57620ADEDB9}.Debug|x86.Build.0 = Debug|Win32
		{E4B3E088-E855-4C37-BFAF-E57620ADEDB9}.Release|x64.ActiveCfg = Release|x64
		{E4B3E088-E855-4C37-BFAF-E57620ADEDB9}.Release|x64.Build.0 = Release|x64
		{E4B3E088-E855-4C37-BFAF-E57620ADEDB9}.Release|x86.ActiveCfg = Release|Win32
		{E4B3E088-E855-4C37-BFAF-E57620ADEDB9}.Release|x86.Build.0 = Release|Win32
		{96069B94-A5DE-4954-8630-B323152F03FC}.Debug|x64.ActiveCfg = Debug|x64
		{96069B94-A5DE-4954-8630-B323152F03FC}.Debug|x64.Build.0 = Debug|x64
		{96069B94-A5DE-4954-8630-B323152F03FC}.Debug|x86.ActiveCfg = Debug|Win32
		{96069B94-A5DE-4954-8630-B323152F03FC}.Debug|x86.Build.0 = Debug|Win32
		{96069B94-A5DE-4954-8630-B323152F03FC}.Release|x64.ActiveCfg = Release|x64
		{96069B94-A5DE-4954-8630-B323152F03FC}.Release|x64.Build.0 = Release|x64
		{96069B94-A5DE-4954-8630-B323152F03FC}.Release|x86.ActiveCfg = Release|Win32
		{96069B94-A5DE-4954-8630-B323152F03FC}.Release|x86.Build.0 = Release|Win32
		{2D8CD34F-922A-48C6-993A-9E8A83207FAA}.Debug|x64.ActiveCfg = Debug|x64
		{2D8CD34F-922A-48C6-993A-9E8A83207FAA}.Debug|x64.Build.0 = Debug|x64
		{2D8CD34F-922A-48C6-993A-9E8A83207FAA}.Debug|x86.ActiveCfg = Debug|Win32
		{2D8CD34F-922A-48C6-993A-9E8A83207FAA}.Debug|x86.Build.0 = Debug|Win32
		{2D8CD34F-922A-48C6-993A-9E8A83207FAA}.Release|x64.ActiveCfg = Release|x64
		{2D8CD34F-922A-48C6-993A-9E8A83207FAA}.Release|x64.Build.0 = Release|x64
		{2D8CD34F-922A-48C6-993A-9E8A83207FAA}.Release|x86.ActiveCfg = Release|Win32
		{2D8CD34F-922A-48C6-993A-9E8A83207FAA}.Release|x86.Build.0 = Release|Win32
		{B4DFE667-B098-41B9-A9C0-2F36E7F2715F}.Debug|x64.ActiveCfg = Debug|x64
		{B4DFE667-B098-41B9-A9C0-2F36E7F2715F}.Debug|x64.Build.0 = Debug|x64
		{B4DFE667-B098-41B9-A9C0-2F36E7F2715F}.Debug|x86.ActiveCfg = Debug|Win32
		{B4DFE667-B098-41B9-A9C0-2F36E7F2715F}.Debug|x86.Build.0 = Debug|Win32
		{B4DFE667-B098-41B9-A9C0-2F36E7F2715F}.Release|x64.ActiveCfg = Release|x64
		{B4DFE667-B098-41B9-A9C0-2F36E7F2715F}.Release|x64.Build.0 = Release|x64
		{B4DFE667-B098-41B9-A9C0-2F36E7F2715F}.Release|x86.ActiveCfg = Release|Win32
		{B4DFE667-B098-41B9-A9C0-2F36E7F2715F}.Release|x86.Build.0 = Release|Win32
		{4444A46F-3FA5-4F41-BC42-FB383780228A}.Debug|x64.ActiveCfg = Debug|x64
		{4444A46F-3FA5-4F41-BC42-FB383780228A}.Debug|x64.Build.0 = Debug|x64
		{4444A46F-3FA5-4F41-BC42-FB383780228A}.Debug|x86.ActiveCfg = Debug|Win32
		{4444A46F-3FA5-4F41-BC42-FB383780228A}.Debug|x86.Build.0 = Debug|Win32
		{4444A46F-3FA5-4F41-BC42-FB383780228A}.Release|x64.ActiveCfg = Release|x64
		{4444A46F-3FA5-4F41-BC42-FB383780228A}.Release|x64.Build.0 = Release|x64
		{4444A46F-3FA5-4F41-BC42-FB383780228A}.Release|x86.ActiveCfg = Release|Win32
		{4444A46F-3FA5-4F41-BC42-FB383780228A}.Release|x86.Build.0 = Release|Win32
		{34B23682-0BCB-4DF7-8242-EC5AFB643B17}.Debug|x64.ActiveCfg = Debug|x64
		{34B23682-0BCB-4DF7-8242-EC5AFB643B17}.Debug|x64.Build.0 = Debug|x64
		{34B23682-0BCB-4DF7-8242-EC5AFB643B17}.Debug|x86.ActiveCfg = Debug|Win32
		{34B23682-0BCB-4DF7-8242-EC5AFB643B17}.Debug|x86.Build.0 = Debug|Win32
		{34B23682-0BCB-4DF7-8242-EC5AFB643B17}.Release|x64.ActiveCfg = Release|x64
		{34B23682-0BCB-4DF7-8242-EC5AFB643B17}.Release|x64.Build.0 = Release|x64
		{34B23682-0BCB-4DF7-8242-EC5AFB643B17}.Release|x86.ActiveCfg = Release|Win32
		{34B23682-0BCB-4DF7-8242-EC5AFB643B17}.Release|x86.Build.0 = Release|Win32
		{7BED1FCC-C401-4208-98B9-545A93982535}.Debug|x64.ActiveCfg = Debug|x64
		{7BED1FCC-C401-4208-98B9-545A93982535}.Debug|x64.Build.0 = Debug|x64
		{7BED1FCC-C401-4208-98B9-545A93982535}.Debug|x86.ActiveCfg = Debug|Win32
		{7BED1FCC-C401-4208-98B9-545A93982535}.Debug|x86.Build.0 = Debug|Win32
		{7BED1FCC-C401-4208-98B9-545A93982535}.Release|x64.ActiveCfg = Release|x64
		{7BED1FCC-C401-4208-98B9-545A93982535}.Release|x64.Build.0 = Release|x64
		{7BED1FCC-C401-4208-98B9-545A93982535}.Release|x86.ActiveCfg = Release|Win32
		{7BED1FCC-C401-4208-98B9-545A93982535}.Release|x86.Build.0 = Release|Win32
		{81D46AF4-A0CD-4EA3-88E8-0C3D553D5383}.Debug|x64.ActiveCfg = Debug|x64
		{81D46AF4-A0CD-4EA3-88E8-0C3D553D5383}.Debug|x64.Build.0 = Debug|x64
		{81D46AF4-A0CD-4EA3-88E8-0C3D553D5383}.Debug|x86.ActiveCfg = Debug|Win32
		{81D46AF4-A0CD-4EA3-88E8-0C3D553D5383}.Debug|x86.Build.0 = Debug|Win32
		{81D46AF4-A0CD-4EA3-88E8-0C3D553D5383}.Release|x64.ActiveCfg = Release|x64
		{81D46AF4-A0CD-4EA3-88E8-0C3D553D5383}.Release|x64.Build.0 = Release|x64
		{81D46AF4-A0CD-4EA3-88E8-0C3D553D5383}.Release|x86.ActiveCfg = Release|Win32
		{81D46AF4-A0CD-4EA3-88E8-0C3D553D5383}.Release|x86.Build.0 = Release|Win32
		{17D8A149-7F5F-4C80-A7AA-AE7D5425E6ED}.Debug|x64.ActiveCfg = Debug|x64
		{17D8A149-7F5F-4C80-A7AA-AE7D5425E6ED}.Debug|x64.Build.0 = Debug|x64
		{17D8A149-7F5F-4C80-A7AA-AE7D5425E6ED}.Debug|x86.ActiveCfg = Debug|Win32
		{17D8A149-7F5F-4C80-A7AA-AE7D5425E6ED}.Debug|x86.Build.0 = Debug|Win32
		{17D8A149-7F5F-4C80-A7AA-AE7D5425E6ED}.Release|x64.ActiveCfg = Release|x64
		{17D8A149-7F5F-4C80-A7AA-AE7D5425E6ED}.Release|x64.Build.0 = Release|x64
		{17D8A149-7F5F-4C80-A7AA-AE7D5425E6ED}.Release|x86.ActiveCfg = Release|Win32
		{17D8A149-7F5F-4C80-A7AA-AE7D5425E6ED}.Release|x86.Build.0 = Release|Win32
		{E166CAE5-65F6-472D-8117-99E754CF4EE5}.Debug|x64.ActiveCfg = Debug|x64
		{E166CAE5-65F6-472D-8117-99E754CF4EE5}.Debug|x64.Build.0 = Debug|x64
		{E166CAE5-65F6-472D-8117-99E754CF4EE5}.Debug|x86.ActiveCfg = Debug|Win32
		{E166CAE5-65F6-472D-8117-99E754CF4EE5}.Debug|x86.Build.0 = Debug|Win32
		{E166CAE5-65F6-472D-8117-99E754CF4EE5}.Release|x64.ActiveCfg = Release|x64
		{E166CAE5-65F6-472D-8117-99E754CF4EE5}.Release|x64.Build.0 = Release|x64
		{E166CAE5-65F6-472D-8117-99E754CF4EE5}.Release|x86.ActiveCfg = Release|Win32
		{E166CAE5-65F6-472D-8117-99E754CF4EE5}.Release|x86.Build.0 = Release|Win32
		{1525AFE4-8343-4EFE-8C40-4956398FAE0E}.Debug|x64.ActiveCfg = Debug|x64
		{1525AFE4-8343-4EFE-8C40-4956398FAE0E}.Debug|x64.Build.0 = Debug|x64
		{1525AFE4-8343-4EFE-8C40-4956398FAE0E}.Debug|x86.ActiveCfg = Debug|Win32
		{1525AFE4-8343-4EFE-8C40-4956398FAE0E}.Debug|x86.Build.0 = Debug|Win32
		{1525AFE4-8343-4EFE-8C40-4956398FAE0E}.Release|x64.ActiveCfg = Release|x64
		{1525AFE4-8343-4EFE-8C40-4956398FAE0E}.Release|x64.Build.0 = Release|x64
		{1525AFE4-8343-4EFE-8C40-4956398FAE0E}.Release|x86.ActiveCfg = Release|Win32
		{1525AFE4-8343-4EFE-8C40-4956398FAE0E}.Release|x86.Build.0 = Release|Win32
		{8D584B20-76C5-499B-8B03-9243C378F493}.Debug|x64.ActiveCfg = Debug|x64
		{8D584B20-76C5-499B-8B03-9243C378F493}.Debug|x64.Build.0 = Debug|x64
		{8D584B20-76C5-499B-8B03-9243C378F493}.Debug|x86.ActiveCfg = Debug|Win32
		{8D584B20-76C5-499B-8B03-9243C378F493}.Debug|x86.Build.0 = Debug|Win32
		{8D584B20-76C5-499B-8B03-9243C378F493}.Release|x64.ActiveCfg = Release|x64
		{8D584B20-76C5-499B-8B03-9243C378F493}.Release|x64.Build.0 = Release|x64
		{8D584B20-76C5-499B-8B03-9243C378F493}.Release|x86.ActiveCfg = Release|Win32
		{8D584B20-76C5-499B-8B03-9243C378F493}.Release|x86.Build.0 = Release|Win32
		{069B6B14-46B1-421F-B847-3EFFC1790316}.Debug|x64.ActiveCfg = Debug|x64
		{069B6B14-46B1-421F-B847-3EFFC1790316}.Debug|x64.Build.0 = Debug|x64
		{069B6B14-46B1-421F-B847-3EFFC1790316}.Debug|x86.ActiveCfg = Debug|Win32
		{069B6B14-46B1-421F-B847-3EFFC1790316}.Debug|x86.Build.0 = Debug|Win32
		{069B6B14-46B1-421F-B847-3EFFC1790316}.Release|x64.ActiveCfg = Release|x64
		{069B6B14-46B1-421F-B847-3EFFC1790316}.Release|x64.Build.0 = Release|x64
		{069B6B14-46B1-421F-B847-3EFFC1790316}.Release|x86.ActiveCfg = Release|Win32
		{069B6B14-46B1-421F-B847-3EFFC1790316}.Release|x86.Build.0 = Release|Win32
		{AFE10F60-221C-4415-90D9-95E85891889A}.Debug|x64.ActiveCfg = Debug|x64
		{AFE10F60-221C-4415-90D9-95E85891889A}.Debug|x64.Build.0 = Debug|x64
		{AFE10F60-221C-4415-90D9-95E85891889A}.Debug|x86.ActiveCfg = Debug|Win32
		{AFE10F60-221C-4415-90D9-95E85891889A}.Debug|x86.Build.0 = Debug|Win32
		{AFE10F60-221C-4415-90D9-95E85891889A}.Release|x64.ActiveCfg = Release|x64
		{AFE10F60-221C-4415-90D9-95E85891889A}.Release|x64.Build.0 = Release|x64
		{AFE10F60-221C-4415-90D9-95E85891889A}.Release|x86.ActiveCfg = Release|Win32
		{AFE10F60-221C-4415-90D9-95E85891889A}.Release|x86.Build.0 = Release|Win32
		{188044D4-659D-4B7E-BA4C-E2052E6A370E}.Debug|x64.ActiveCfg = Debug|x64
		{188044D4-659D-4B7E-BA4C-E2052E6A370E}.Debug|x64.Build.0 = Debug|x64
		{188044D4-659D-4B7E-BA4C-E2052E6A370E}.Debug|x86.ActiveCfg = Debug|Win32
		{188044D4-659D-4B7E-BA4C-E2052E6A370E}.Debug|x86.Build.0 = Debug|Win32
		{188044D4-659D-4B7E-BA4C-E2052E6A370E}.Release|x64.ActiveCfg = Release|x64
		{188044D4-659D-4B7E-BA4C-E2052E6A370E}.Release|x64.Build.0 = Release|x64
		{188044D4-659D-4B7E-BA4C-E2052E6A370E}.Release|x86.ActiveCfg = Release|Win32
		{188044D4-659D-4B7E-BA4C-E2052E6A370E}.Release|x86.Build.0 = Release|Win32
		{3809755F-5194-4C8E-95F0-7E27D6CDDDA2}.Debug|x64.ActiveCfg = Debug|x64
		{3809755F-5194-4C8E-95F0-7E27D6CDDDA2}.Debug|x64.Build.0 = Debug|x64
		{3809755F-5194-4C8E-95F0-7E27D6CDDDA2}.Debug|x86.ActiveCfg = Debug|Win32
		{3809755F-5194-4C8E-95F0-7E27D6CDDDA2}.Debug|x86.Build.0 = Debug|Win32
		{3809755F-5194-4C8E-95F0-7E27D6CDDDA2}.Release|x64.ActiveCfg = Release|x64
		{3809755F-5194-4C8E-95F0-7E27D6CDDDA2}.Release|x64.Build.0 = Release|x64
		{3809755F-5194-4C8E-95F0-7E27D6CDDDA2}.Release|x86.ActiveCfg = Release|Win32
		{3809755F-5194-4C8E-95F0-7E27D6CDDDA2}.Release|x86.Build.0 = Release|Win32
		{EBF9C536-B4F0-4567-8361-3507E75D1361}.Debug|x64.ActiveCfg = Debug|x64
		{EBF9C536-B4F0-4567-8361-3507E75D1361}.Debug|x64.Build.0 = Debug|x64
		{EBF9C536-B4F0-4567-8361-3507E75D1361}.Debug|x86.ActiveCfg = Debug|Win32
		{EBF9C536-B4F0-4567-8361-3507E75D1361}.Debug|x86.Build.0 = Debug|Win32
		{EBF9C536-B4F0-4567-8361-3507E75D1361}.Release|x64.ActiveCfg = Release|x64
		{EBF9C536-B4F0-4567-8361-3507E75D1361}.Release|x64.Build.0 = Release|x64
		{EBF9C536-B4F0-4567-8361-3507E75D1361}.Release|x86.ActiveCfg = Release|Win32
		{EBF9C536-B4F0-4567-8361-3507E75D1361}.Release|x86.Build.0 = Release|Win32
		{96CBA43F-A7C7-4E8B-A6B0-CE70B72925AD}.Debug|x64.ActiveCfg = Debug|x64
		{96CBA43F-A7C7-4E8B-A6B0-CE70B72925AD}.Debug|x64.Build.0 = Debug|x64
		{96CBA43F-A7C7-4E8B-A6B0-CE70B72925AD}.Debug|x86.ActiveCfg = Debug|Win32
		{96CBA43F-A7C7-4E8B-A6B0-CE70B72925AD}.Debug|x86.Build.0 = Debug|Win32
		{96CBA43F-A7C7-4E8B-A6B0-CE70B72925AD}.Release|x64.ActiveCfg = Release|x64
		{96CBA43F-A7C7-4E8B-A6B0-CE70B72925AD}.Release|x64.Build.0 = Release|x64
		{96CBA43F-A7C7-4E8B-A6B0-CE70B72925AD}.Release|x86.ActiveCfg = Release|Win32
		{96CBA43F-A7C7-4E8B-A6B0-CE70B72925AD}.Release|x86.Build.0 = Release|Win32
		{EFA99075-F4B2-4C83-96F1-4A3D4E0F180E}.Debug|x64.ActiveCfg = Debug|x64
		{EFA99075-F4B2-4C83-96F1-4A3D4E0F180E}.Debug|x64.Build.0 = Debug|x64
		{EFA99075-F4B2-4C83-96F1-4A3D4E0F180E}.Debug|x86.ActiveCfg = Debug|Win32
		{EFA99075-F4B2-4C83-96F1-4A3D4E0F180E}.Debug|x86.Build.0 = Debug|Win32
		{EFA99075-F4B2-4C83-96F1-4A3D4E0F180E}.Release|x64.ActiveCfg = Release|x64
		{EFA99075-F4B2-4C83-96F1-4A3D4E0F180E}.Release|x64.Build.0 = Release|x64
		{EFA99075-F4B2-4C83-96F1-4A3D4E0F180E}.Release|x86.ActiveCfg = Release|Win32
		{EFA99075-F4B2-4C83-96F1-4A3D4E0F180E}.Release|x86.Build.0 = Release|Win32
		{9325E6DC-7349-4677-8E43-8C610F765937}.Debug|x64.ActiveCfg = Debug|x64
		{9325E6DC-7349-4677-8E43-8C610F765937}.Debug|x64.Build.0 = Debug|x64
		{9325E6DC-7349-4677-8E43-8C610F765937}.Debug|x86.ActiveCfg = Debug|Win32
		{9325E6DC-7349-4677-8E43-8C610F765937}.Debug|x86.Build.0 = Debug|Win32
		{9325E6DC-7349-4677-8E43-8C610F765937}.Release|x64.ActiveCfg = Release|x64
		{9325E6DC-7349-4677-8E43-8C610F765937}.Release|x64.Build.0 = Release|x64
		{9325E6DC-7349-4677-8E43-8C610F765937}.Release|x86.ActiveCfg = Release|Win32
		{9325E6DC-7349-4677-8E43-8C610F765937}.Release|x86.Build.0 = Release|Win32
		{F1752C25-CD4A-4398-9909-CF5A8A464FDF}.Debug|x64.ActiveCfg = Debug|x64
		{F1752C25-CD4A-4398-9909-CF5A8A464FDF}.Debug|x64.Build.0 = Debug|x64
		{F1752C25-CD4A-4398-9909-CF5A8A464FDF}.Debug|x86.ActiveCfg = Debug|Win32
		{F1752C25-CD4A-4398-9909-CF5A8A464FDF}.Debug|x86.Build.0 = Debug|Win32
		{F1752C25-CD4A-4398-9909-CF5A8A464FDF}.Release|x64.ActiveCfg = Release|x64
		{F1752C25-CD4A-4398-9909-CF5A8A464FDF}.Release|x64.Build.0 = Release|x64
		{F1752C25-CD4A-4398-9909-CF5A8A464FDF}.Release|x86.ActiveCfg = Release|Win32
		{F1752C25-CD4A-4398-9909-CF5A8A464FDF}.Release|x86.Build.0 = Release|Win32
	EndGlobalSection
	GlobalSection(SolutionProperties) = preSolution
		HideSolutionNode = FALSE
	EndGlobalSection
	GlobalSection(ExtensibilityGlobals) = postSolution
		SolutionGuid = {450D50BB-328C-4A04-AAD1-036F9022A5F0}
	EndGlobalSection
EndGlobal
